
Microsoft Visual Studio Solution File, Format Version 12.00
# Visual Studio 15
VisualStudioVersion = 15.0.26730.16
MinimumVisualStudioVersion = 10.0.40219.1
Project("{FAE04EC0-301F-11D3-BF4B-00C04F79EFBC}") = "YoutubeMusicPlayer.Android", "YoutubeMusicPlayer\YoutubeMusicPlayer.Android\YoutubeMusicPlayer.Android.csproj", "{1BBCBA2A-0481-4402-B67E-17F92862B873}"
EndProject
Project("{9A19103F-16F7-4668-BE54-9A1E7A4F7556}") = "YoutubeMusicPlayer", "YoutubeMusicPlayer\YoutubeMusicPlayer\YoutubeMusicPlayer.csproj", "{4523B2A8-6F23-4A48-9F8C-7A73264DDBD6}"
	ProjectSection(ProjectDependencies) = postProject
		{B47CC450-4948-4EB3-801A-DADD8255D894} = {B47CC450-4948-4EB3-801A-DADD8255D894}
	EndProjectSection
EndProject
Project("{FAE04EC0-301F-11D3-BF4B-00C04F79EFBC}") = "YoutubeMusicPlayer.UWP", "YoutubeMusicPlayer\YoutubeMusicPlayer.UWP\YoutubeMusicPlayer.UWP.csproj", "{9C70E13A-CE9E-4234-AB52-A4C90266DBE9}"
EndProject
Project("{FAE04EC0-301F-11D3-BF4B-00C04F79EFBC}") = "YoutubeMusicPlayer.iOS", "YoutubeMusicPlayer\YoutubeMusicPlayer.iOS\YoutubeMusicPlayer.iOS.csproj", "{83455613-C6B7-4797-92D9-DF388659BC08}"
EndProject
Project("{FAE04EC0-301F-11D3-BF4B-00C04F79EFBC}") = "Tests", "Tests\Tests.csproj", "{89D842D4-A419-43CD-BE45-7FAE28B29EA2}"
	ProjectSection(ProjectDependencies) = postProject
		{B47CC450-4948-4EB3-801A-DADD8255D894} = {B47CC450-4948-4EB3-801A-DADD8255D894}
	EndProjectSection
EndProject
Project("{9A19103F-16F7-4668-BE54-9A1E7A4F7556}") = "YoutubeMusicPlayer.Domain", "YoutubeMusicPlayer.Domain\YoutubeMusicPlayer.Domain.csproj", "{B47CC450-4948-4EB3-801A-DADD8255D894}"
EndProject
Project("{9A19103F-16F7-4668-BE54-9A1E7A4F7556}") = "YoutubeMusicPlayer.Persistence", "YoutubeMusicPlayer.Persistence\YoutubeMusicPlayer.Persistence.csproj", "{FFB1F142-617B-4E2F-A0CB-B8CEA5B46606}"
	ProjectSection(ProjectDependencies) = postProject
		{B47CC450-4948-4EB3-801A-DADD8255D894} = {B47CC450-4948-4EB3-801A-DADD8255D894}
	EndProjectSection
EndProject
Project("{FAE04EC0-301F-11D3-BF4B-00C04F79EFBC}") = "YoutubeMusicPlayer.Application", "YoutubeMusicPlayer.Application\YoutubeMusicPlayer.Application.csproj", "{489437AD-7D12-438E-809B-DC1A9C620702}"
EndProject
Project("{2150E333-8FDC-42A3-9474-1A3956D46DE8}") = "MusicDownloading", "MusicDownloading", "{DEED1827-7E7E-40C2-966F-E01D81E96055}"
EndProject
Project("{FAE04EC0-301F-11D3-BF4B-00C04F79EFBC}") = "YoutubeMusicPlayer.MusicDownloading", "YoutubeMusicPlayer.MusicDownloading\YoutubeMusicPlayer.MusicDownloading.csproj", "{4077582F-0B0C-4BF5-B0EB-1C447525FBBA}"
	ProjectSection(ProjectDependencies) = postProject
		{F22C501A-7864-42AA-B476-B2096D711E81} = {F22C501A-7864-42AA-B476-B2096D711E81}
	EndProjectSection
EndProject
Project("{2150E333-8FDC-42A3-9474-1A3956D46DE8}") = "Framework", "Framework", "{59C65009-1045-46B3-A000-7D9AEA08E2BE}"
EndProject
Project("{FAE04EC0-301F-11D3-BF4B-00C04F79EFBC}") = "YoutubeMusicPlayer.Framework", "YoutubeMusicPlayer.Framework\YoutubeMusicPlayer.Framework.csproj", "{F22C501A-7864-42AA-B476-B2096D711E81}"
EndProject
Project("{FAE04EC0-301F-11D3-BF4B-00C04F79EFBC}") = "YoutubeMusicPlayer.MusicDownloading.Tests", "YoutubeMusicPlayer.MusicDownloading.Tests\YoutubeMusicPlayer.MusicDownloading.Tests.csproj", "{8380FA35-42FE-40E5-8931-075189D582B9}"
	ProjectSection(ProjectDependencies) = postProject
		{4077582F-0B0C-4BF5-B0EB-1C447525FBBA} = {4077582F-0B0C-4BF5-B0EB-1C447525FBBA}
	EndProjectSection
EndProject
Global
	GlobalSection(SolutionConfigurationPlatforms) = preSolution
		Ad-Hoc|Any CPU = Ad-Hoc|Any CPU
		Ad-Hoc|ARM = Ad-Hoc|ARM
		Ad-Hoc|iPhone = Ad-Hoc|iPhone
		Ad-Hoc|iPhoneSimulator = Ad-Hoc|iPhoneSimulator
		Ad-Hoc|x64 = Ad-Hoc|x64
		Ad-Hoc|x86 = Ad-Hoc|x86
		AppStore|Any CPU = AppStore|Any CPU
		AppStore|ARM = AppStore|ARM
		AppStore|iPhone = AppStore|iPhone
		AppStore|iPhoneSimulator = AppStore|iPhoneSimulator
		AppStore|x64 = AppStore|x64
		AppStore|x86 = AppStore|x86
		Debug|Any CPU = Debug|Any CPU
		Debug|ARM = Debug|ARM
		Debug|iPhone = Debug|iPhone
		Debug|iPhoneSimulator = Debug|iPhoneSimulator
		Debug|x64 = Debug|x64
		Debug|x86 = Debug|x86
		Release|Any CPU = Release|Any CPU
		Release|ARM = Release|ARM
		Release|iPhone = Release|iPhone
		Release|iPhoneSimulator = Release|iPhoneSimulator
		Release|x64 = Release|x64
		Release|x86 = Release|x86
	EndGlobalSection
	GlobalSection(ProjectConfigurationPlatforms) = postSolution
		{1BBCBA2A-0481-4402-B67E-17F92862B873}.Ad-Hoc|Any CPU.ActiveCfg = Release|Any CPU
		{1BBCBA2A-0481-4402-B67E-17F92862B873}.Ad-Hoc|Any CPU.Build.0 = Release|Any CPU
		{1BBCBA2A-0481-4402-B67E-17F92862B873}.Ad-Hoc|Any CPU.Deploy.0 = Release|Any CPU
		{1BBCBA2A-0481-4402-B67E-17F92862B873}.Ad-Hoc|ARM.ActiveCfg = Release|Any CPU
		{1BBCBA2A-0481-4402-B67E-17F92862B873}.Ad-Hoc|ARM.Build.0 = Release|Any CPU
		{1BBCBA2A-0481-4402-B67E-17F92862B873}.Ad-Hoc|ARM.Deploy.0 = Release|Any CPU
		{1BBCBA2A-0481-4402-B67E-17F92862B873}.Ad-Hoc|iPhone.ActiveCfg = Release|Any CPU
		{1BBCBA2A-0481-4402-B67E-17F92862B873}.Ad-Hoc|iPhone.Build.0 = Release|Any CPU
		{1BBCBA2A-0481-4402-B67E-17F92862B873}.Ad-Hoc|iPhone.Deploy.0 = Release|Any CPU
		{1BBCBA2A-0481-4402-B67E-17F92862B873}.Ad-Hoc|iPhoneSimulator.ActiveCfg = Release|Any CPU
		{1BBCBA2A-0481-4402-B67E-17F92862B873}.Ad-Hoc|iPhoneSimulator.Build.0 = Release|Any CPU
		{1BBCBA2A-0481-4402-B67E-17F92862B873}.Ad-Hoc|iPhoneSimulator.Deploy.0 = Release|Any CPU
		{1BBCBA2A-0481-4402-B67E-17F92862B873}.Ad-Hoc|x64.ActiveCfg = Release|Any CPU
		{1BBCBA2A-0481-4402-B67E-17F92862B873}.Ad-Hoc|x64.Build.0 = Release|Any CPU
		{1BBCBA2A-0481-4402-B67E-17F92862B873}.Ad-Hoc|x64.Deploy.0 = Release|Any CPU
		{1BBCBA2A-0481-4402-B67E-17F92862B873}.Ad-Hoc|x86.ActiveCfg = Release|Any CPU
		{1BBCBA2A-0481-4402-B67E-17F92862B873}.Ad-Hoc|x86.Build.0 = Release|Any CPU
		{1BBCBA2A-0481-4402-B67E-17F92862B873}.Ad-Hoc|x86.Deploy.0 = Release|Any CPU
		{1BBCBA2A-0481-4402-B67E-17F92862B873}.AppStore|Any CPU.ActiveCfg = Release|Any CPU
		{1BBCBA2A-0481-4402-B67E-17F92862B873}.AppStore|Any CPU.Build.0 = Release|Any CPU
		{1BBCBA2A-0481-4402-B67E-17F92862B873}.AppStore|Any CPU.Deploy.0 = Release|Any CPU
		{1BBCBA2A-0481-4402-B67E-17F92862B873}.AppStore|ARM.ActiveCfg = Release|Any CPU
		{1BBCBA2A-0481-4402-B67E-17F92862B873}.AppStore|ARM.Build.0 = Release|Any CPU
		{1BBCBA2A-0481-4402-B67E-17F92862B873}.AppStore|ARM.Deploy.0 = Release|Any CPU
		{1BBCBA2A-0481-4402-B67E-17F92862B873}.AppStore|iPhone.ActiveCfg = Release|Any CPU
		{1BBCBA2A-0481-4402-B67E-17F92862B873}.AppStore|iPhone.Build.0 = Release|Any CPU
		{1BBCBA2A-0481-4402-B67E-17F92862B873}.AppStore|iPhone.Deploy.0 = Release|Any CPU
		{1BBCBA2A-0481-4402-B67E-17F92862B873}.AppStore|iPhoneSimulator.ActiveCfg = Release|Any CPU
		{1BBCBA2A-0481-4402-B67E-17F92862B873}.AppStore|iPhoneSimulator.Build.0 = Release|Any CPU
		{1BBCBA2A-0481-4402-B67E-17F92862B873}.AppStore|iPhoneSimulator.Deploy.0 = Release|Any CPU
		{1BBCBA2A-0481-4402-B67E-17F92862B873}.AppStore|x64.ActiveCfg = Release|Any CPU
		{1BBCBA2A-0481-4402-B67E-17F92862B873}.AppStore|x64.Build.0 = Release|Any CPU
		{1BBCBA2A-0481-4402-B67E-17F92862B873}.AppStore|x64.Deploy.0 = Release|Any CPU
		{1BBCBA2A-0481-4402-B67E-17F92862B873}.AppStore|x86.ActiveCfg = Release|Any CPU
		{1BBCBA2A-0481-4402-B67E-17F92862B873}.AppStore|x86.Build.0 = Release|Any CPU
		{1BBCBA2A-0481-4402-B67E-17F92862B873}.AppStore|x86.Deploy.0 = Release|Any CPU
		{1BBCBA2A-0481-4402-B67E-17F92862B873}.Debug|Any CPU.ActiveCfg = Debug|Any CPU
		{1BBCBA2A-0481-4402-B67E-17F92862B873}.Debug|Any CPU.Build.0 = Debug|Any CPU
		{1BBCBA2A-0481-4402-B67E-17F92862B873}.Debug|Any CPU.Deploy.0 = Debug|Any CPU
		{1BBCBA2A-0481-4402-B67E-17F92862B873}.Debug|ARM.ActiveCfg = Debug|Any CPU
		{1BBCBA2A-0481-4402-B67E-17F92862B873}.Debug|ARM.Build.0 = Debug|Any CPU
		{1BBCBA2A-0481-4402-B67E-17F92862B873}.Debug|ARM.Deploy.0 = Debug|Any CPU
		{1BBCBA2A-0481-4402-B67E-17F92862B873}.Debug|iPhone.ActiveCfg = Debug|Any CPU
		{1BBCBA2A-0481-4402-B67E-17F92862B873}.Debug|iPhone.Build.0 = Debug|Any CPU
		{1BBCBA2A-0481-4402-B67E-17F92862B873}.Debug|iPhone.Deploy.0 = Debug|Any CPU
		{1BBCBA2A-0481-4402-B67E-17F92862B873}.Debug|iPhoneSimulator.ActiveCfg = Debug|Any CPU
		{1BBCBA2A-0481-4402-B67E-17F92862B873}.Debug|iPhoneSimulator.Build.0 = Debug|Any CPU
		{1BBCBA2A-0481-4402-B67E-17F92862B873}.Debug|iPhoneSimulator.Deploy.0 = Debug|Any CPU
		{1BBCBA2A-0481-4402-B67E-17F92862B873}.Debug|x64.ActiveCfg = Debug|Any CPU
		{1BBCBA2A-0481-4402-B67E-17F92862B873}.Debug|x64.Build.0 = Debug|Any CPU
		{1BBCBA2A-0481-4402-B67E-17F92862B873}.Debug|x64.Deploy.0 = Debug|Any CPU
		{1BBCBA2A-0481-4402-B67E-17F92862B873}.Debug|x86.ActiveCfg = Debug|Any CPU
		{1BBCBA2A-0481-4402-B67E-17F92862B873}.Debug|x86.Build.0 = Debug|Any CPU
		{1BBCBA2A-0481-4402-B67E-17F92862B873}.Debug|x86.Deploy.0 = Debug|Any CPU
		{1BBCBA2A-0481-4402-B67E-17F92862B873}.Release|Any CPU.ActiveCfg = Release|Any CPU
		{1BBCBA2A-0481-4402-B67E-17F92862B873}.Release|Any CPU.Build.0 = Release|Any CPU
		{1BBCBA2A-0481-4402-B67E-17F92862B873}.Release|Any CPU.Deploy.0 = Release|Any CPU
		{1BBCBA2A-0481-4402-B67E-17F92862B873}.Release|ARM.ActiveCfg = Release|Any CPU
		{1BBCBA2A-0481-4402-B67E-17F92862B873}.Release|ARM.Build.0 = Release|Any CPU
		{1BBCBA2A-0481-4402-B67E-17F92862B873}.Release|ARM.Deploy.0 = Release|Any CPU
		{1BBCBA2A-0481-4402-B67E-17F92862B873}.Release|iPhone.ActiveCfg = Release|Any CPU
		{1BBCBA2A-0481-4402-B67E-17F92862B873}.Release|iPhone.Build.0 = Release|Any CPU
		{1BBCBA2A-0481-4402-B67E-17F92862B873}.Release|iPhone.Deploy.0 = Release|Any CPU
		{1BBCBA2A-0481-4402-B67E-17F92862B873}.Release|iPhoneSimulator.ActiveCfg = Release|Any CPU
		{1BBCBA2A-0481-4402-B67E-17F92862B873}.Release|iPhoneSimulator.Build.0 = Release|Any CPU
		{1BBCBA2A-0481-4402-B67E-17F92862B873}.Release|iPhoneSimulator.Deploy.0 = Release|Any CPU
		{1BBCBA2A-0481-4402-B67E-17F92862B873}.Release|x64.ActiveCfg = Release|Any CPU
		{1BBCBA2A-0481-4402-B67E-17F92862B873}.Release|x64.Build.0 = Release|Any CPU
		{1BBCBA2A-0481-4402-B67E-17F92862B873}.Release|x64.Deploy.0 = Release|Any CPU
		{1BBCBA2A-0481-4402-B67E-17F92862B873}.Release|x86.ActiveCfg = Release|Any CPU
		{1BBCBA2A-0481-4402-B67E-17F92862B873}.Release|x86.Build.0 = Release|Any CPU
		{1BBCBA2A-0481-4402-B67E-17F92862B873}.Release|x86.Deploy.0 = Release|Any CPU
		{4523B2A8-6F23-4A48-9F8C-7A73264DDBD6}.Ad-Hoc|Any CPU.ActiveCfg = Release|Any CPU
		{4523B2A8-6F23-4A48-9F8C-7A73264DDBD6}.Ad-Hoc|Any CPU.Build.0 = Release|Any CPU
		{4523B2A8-6F23-4A48-9F8C-7A73264DDBD6}.Ad-Hoc|ARM.ActiveCfg = Release|Any CPU
		{4523B2A8-6F23-4A48-9F8C-7A73264DDBD6}.Ad-Hoc|ARM.Build.0 = Release|Any CPU
		{4523B2A8-6F23-4A48-9F8C-7A73264DDBD6}.Ad-Hoc|iPhone.ActiveCfg = Release|Any CPU
		{4523B2A8-6F23-4A48-9F8C-7A73264DDBD6}.Ad-Hoc|iPhone.Build.0 = Release|Any CPU
		{4523B2A8-6F23-4A48-9F8C-7A73264DDBD6}.Ad-Hoc|iPhoneSimulator.ActiveCfg = Release|Any CPU
		{4523B2A8-6F23-4A48-9F8C-7A73264DDBD6}.Ad-Hoc|iPhoneSimulator.Build.0 = Release|Any CPU
		{4523B2A8-6F23-4A48-9F8C-7A73264DDBD6}.Ad-Hoc|x64.ActiveCfg = Release|Any CPU
		{4523B2A8-6F23-4A48-9F8C-7A73264DDBD6}.Ad-Hoc|x64.Build.0 = Release|Any CPU
		{4523B2A8-6F23-4A48-9F8C-7A73264DDBD6}.Ad-Hoc|x86.ActiveCfg = Release|Any CPU
		{4523B2A8-6F23-4A48-9F8C-7A73264DDBD6}.Ad-Hoc|x86.Build.0 = Release|Any CPU
		{4523B2A8-6F23-4A48-9F8C-7A73264DDBD6}.AppStore|Any CPU.ActiveCfg = Release|Any CPU
		{4523B2A8-6F23-4A48-9F8C-7A73264DDBD6}.AppStore|Any CPU.Build.0 = Release|Any CPU
		{4523B2A8-6F23-4A48-9F8C-7A73264DDBD6}.AppStore|ARM.ActiveCfg = Release|Any CPU
		{4523B2A8-6F23-4A48-9F8C-7A73264DDBD6}.AppStore|ARM.Build.0 = Release|Any CPU
		{4523B2A8-6F23-4A48-9F8C-7A73264DDBD6}.AppStore|iPhone.ActiveCfg = Release|Any CPU
		{4523B2A8-6F23-4A48-9F8C-7A73264DDBD6}.AppStore|iPhone.Build.0 = Release|Any CPU
		{4523B2A8-6F23-4A48-9F8C-7A73264DDBD6}.AppStore|iPhoneSimulator.ActiveCfg = Release|Any CPU
		{4523B2A8-6F23-4A48-9F8C-7A73264DDBD6}.AppStore|iPhoneSimulator.Build.0 = Release|Any CPU
		{4523B2A8-6F23-4A48-9F8C-7A73264DDBD6}.AppStore|x64.ActiveCfg = Release|Any CPU
		{4523B2A8-6F23-4A48-9F8C-7A73264DDBD6}.AppStore|x64.Build.0 = Release|Any CPU
		{4523B2A8-6F23-4A48-9F8C-7A73264DDBD6}.AppStore|x86.ActiveCfg = Release|Any CPU
		{4523B2A8-6F23-4A48-9F8C-7A73264DDBD6}.AppStore|x86.Build.0 = Release|Any CPU
		{4523B2A8-6F23-4A48-9F8C-7A73264DDBD6}.Debug|Any CPU.ActiveCfg = Debug|Any CPU
		{4523B2A8-6F23-4A48-9F8C-7A73264DDBD6}.Debug|Any CPU.Build.0 = Debug|Any CPU
		{4523B2A8-6F23-4A48-9F8C-7A73264DDBD6}.Debug|ARM.ActiveCfg = Debug|Any CPU
		{4523B2A8-6F23-4A48-9F8C-7A73264DDBD6}.Debug|ARM.Build.0 = Debug|Any CPU
		{4523B2A8-6F23-4A48-9F8C-7A73264DDBD6}.Debug|iPhone.ActiveCfg = Debug|Any CPU
		{4523B2A8-6F23-4A48-9F8C-7A73264DDBD6}.Debug|iPhone.Build.0 = Debug|Any CPU
		{4523B2A8-6F23-4A48-9F8C-7A73264DDBD6}.Debug|iPhoneSimulator.ActiveCfg = Debug|Any CPU
		{4523B2A8-6F23-4A48-9F8C-7A73264DDBD6}.Debug|iPhoneSimulator.Build.0 = Debug|Any CPU
		{4523B2A8-6F23-4A48-9F8C-7A73264DDBD6}.Debug|x64.ActiveCfg = Debug|Any CPU
		{4523B2A8-6F23-4A48-9F8C-7A73264DDBD6}.Debug|x64.Build.0 = Debug|Any CPU
		{4523B2A8-6F23-4A48-9F8C-7A73264DDBD6}.Debug|x86.ActiveCfg = Debug|Any CPU
		{4523B2A8-6F23-4A48-9F8C-7A73264DDBD6}.Debug|x86.Build.0 = Debug|Any CPU
		{4523B2A8-6F23-4A48-9F8C-7A73264DDBD6}.Release|Any CPU.ActiveCfg = Release|Any CPU
		{4523B2A8-6F23-4A48-9F8C-7A73264DDBD6}.Release|Any CPU.Build.0 = Release|Any CPU
		{4523B2A8-6F23-4A48-9F8C-7A73264DDBD6}.Release|ARM.ActiveCfg = Release|Any CPU
		{4523B2A8-6F23-4A48-9F8C-7A73264DDBD6}.Release|ARM.Build.0 = Release|Any CPU
		{4523B2A8-6F23-4A48-9F8C-7A73264DDBD6}.Release|iPhone.ActiveCfg = Release|Any CPU
		{4523B2A8-6F23-4A48-9F8C-7A73264DDBD6}.Release|iPhone.Build.0 = Release|Any CPU
		{4523B2A8-6F23-4A48-9F8C-7A73264DDBD6}.Release|iPhoneSimulator.ActiveCfg = Release|Any CPU
		{4523B2A8-6F23-4A48-9F8C-7A73264DDBD6}.Release|iPhoneSimulator.Build.0 = Release|Any CPU
		{4523B2A8-6F23-4A48-9F8C-7A73264DDBD6}.Release|x64.ActiveCfg = Release|Any CPU
		{4523B2A8-6F23-4A48-9F8C-7A73264DDBD6}.Release|x64.Build.0 = Release|Any CPU
		{4523B2A8-6F23-4A48-9F8C-7A73264DDBD6}.Release|x86.ActiveCfg = Release|Any CPU
		{4523B2A8-6F23-4A48-9F8C-7A73264DDBD6}.Release|x86.Build.0 = Release|Any CPU
		{9C70E13A-CE9E-4234-AB52-A4C90266DBE9}.Ad-Hoc|Any CPU.ActiveCfg = Release|x86
		{9C70E13A-CE9E-4234-AB52-A4C90266DBE9}.Ad-Hoc|Any CPU.Build.0 = Release|x86
		{9C70E13A-CE9E-4234-AB52-A4C90266DBE9}.Ad-Hoc|Any CPU.Deploy.0 = Release|x86
		{9C70E13A-CE9E-4234-AB52-A4C90266DBE9}.Ad-Hoc|ARM.ActiveCfg = Release|ARM
		{9C70E13A-CE9E-4234-AB52-A4C90266DBE9}.Ad-Hoc|ARM.Build.0 = Release|ARM
		{9C70E13A-CE9E-4234-AB52-A4C90266DBE9}.Ad-Hoc|ARM.Deploy.0 = Release|ARM
		{9C70E13A-CE9E-4234-AB52-A4C90266DBE9}.Ad-Hoc|iPhone.ActiveCfg = Release|x86
		{9C70E13A-CE9E-4234-AB52-A4C90266DBE9}.Ad-Hoc|iPhone.Build.0 = Release|x86
		{9C70E13A-CE9E-4234-AB52-A4C90266DBE9}.Ad-Hoc|iPhone.Deploy.0 = Release|x86
		{9C70E13A-CE9E-4234-AB52-A4C90266DBE9}.Ad-Hoc|iPhoneSimulator.ActiveCfg = Release|x86
		{9C70E13A-CE9E-4234-AB52-A4C90266DBE9}.Ad-Hoc|iPhoneSimulator.Build.0 = Release|x86
		{9C70E13A-CE9E-4234-AB52-A4C90266DBE9}.Ad-Hoc|iPhoneSimulator.Deploy.0 = Release|x86
		{9C70E13A-CE9E-4234-AB52-A4C90266DBE9}.Ad-Hoc|x64.ActiveCfg = Release|x64
		{9C70E13A-CE9E-4234-AB52-A4C90266DBE9}.Ad-Hoc|x64.Build.0 = Release|x64
		{9C70E13A-CE9E-4234-AB52-A4C90266DBE9}.Ad-Hoc|x64.Deploy.0 = Release|x64
		{9C70E13A-CE9E-4234-AB52-A4C90266DBE9}.Ad-Hoc|x86.ActiveCfg = Release|x86
		{9C70E13A-CE9E-4234-AB52-A4C90266DBE9}.Ad-Hoc|x86.Build.0 = Release|x86
		{9C70E13A-CE9E-4234-AB52-A4C90266DBE9}.Ad-Hoc|x86.Deploy.0 = Release|x86
		{9C70E13A-CE9E-4234-AB52-A4C90266DBE9}.AppStore|Any CPU.ActiveCfg = Release|x86
		{9C70E13A-CE9E-4234-AB52-A4C90266DBE9}.AppStore|Any CPU.Build.0 = Release|x86
		{9C70E13A-CE9E-4234-AB52-A4C90266DBE9}.AppStore|Any CPU.Deploy.0 = Release|x86
		{9C70E13A-CE9E-4234-AB52-A4C90266DBE9}.AppStore|ARM.ActiveCfg = Release|ARM
		{9C70E13A-CE9E-4234-AB52-A4C90266DBE9}.AppStore|ARM.Build.0 = Release|ARM
		{9C70E13A-CE9E-4234-AB52-A4C90266DBE9}.AppStore|ARM.Deploy.0 = Release|ARM
		{9C70E13A-CE9E-4234-AB52-A4C90266DBE9}.AppStore|iPhone.ActiveCfg = Release|x86
		{9C70E13A-CE9E-4234-AB52-A4C90266DBE9}.AppStore|iPhone.Build.0 = Release|x86
		{9C70E13A-CE9E-4234-AB52-A4C90266DBE9}.AppStore|iPhone.Deploy.0 = Release|x86
		{9C70E13A-CE9E-4234-AB52-A4C90266DBE9}.AppStore|iPhoneSimulator.ActiveCfg = Release|x86
		{9C70E13A-CE9E-4234-AB52-A4C90266DBE9}.AppStore|iPhoneSimulator.Build.0 = Release|x86
		{9C70E13A-CE9E-4234-AB52-A4C90266DBE9}.AppStore|iPhoneSimulator.Deploy.0 = Release|x86
		{9C70E13A-CE9E-4234-AB52-A4C90266DBE9}.AppStore|x64.ActiveCfg = Release|x64
		{9C70E13A-CE9E-4234-AB52-A4C90266DBE9}.AppStore|x64.Build.0 = Release|x64
		{9C70E13A-CE9E-4234-AB52-A4C90266DBE9}.AppStore|x64.Deploy.0 = Release|x64
		{9C70E13A-CE9E-4234-AB52-A4C90266DBE9}.AppStore|x86.ActiveCfg = Release|x86
		{9C70E13A-CE9E-4234-AB52-A4C90266DBE9}.AppStore|x86.Build.0 = Release|x86
		{9C70E13A-CE9E-4234-AB52-A4C90266DBE9}.AppStore|x86.Deploy.0 = Release|x86
		{9C70E13A-CE9E-4234-AB52-A4C90266DBE9}.Debug|Any CPU.ActiveCfg = Debug|x86
		{9C70E13A-CE9E-4234-AB52-A4C90266DBE9}.Debug|ARM.ActiveCfg = Debug|ARM
		{9C70E13A-CE9E-4234-AB52-A4C90266DBE9}.Debug|ARM.Build.0 = Debug|ARM
		{9C70E13A-CE9E-4234-AB52-A4C90266DBE9}.Debug|ARM.Deploy.0 = Debug|ARM
		{9C70E13A-CE9E-4234-AB52-A4C90266DBE9}.Debug|iPhone.ActiveCfg = Debug|x86
		{9C70E13A-CE9E-4234-AB52-A4C90266DBE9}.Debug|iPhoneSimulator.ActiveCfg = Debug|x86
		{9C70E13A-CE9E-4234-AB52-A4C90266DBE9}.Debug|x64.ActiveCfg = Debug|x64
		{9C70E13A-CE9E-4234-AB52-A4C90266DBE9}.Debug|x64.Build.0 = Debug|x64
		{9C70E13A-CE9E-4234-AB52-A4C90266DBE9}.Debug|x64.Deploy.0 = Debug|x64
		{9C70E13A-CE9E-4234-AB52-A4C90266DBE9}.Debug|x86.ActiveCfg = Debug|x86
		{9C70E13A-CE9E-4234-AB52-A4C90266DBE9}.Debug|x86.Build.0 = Debug|x86
		{9C70E13A-CE9E-4234-AB52-A4C90266DBE9}.Debug|x86.Deploy.0 = Debug|x86
		{9C70E13A-CE9E-4234-AB52-A4C90266DBE9}.Release|Any CPU.ActiveCfg = Release|x86
		{9C70E13A-CE9E-4234-AB52-A4C90266DBE9}.Release|ARM.ActiveCfg = Release|ARM
		{9C70E13A-CE9E-4234-AB52-A4C90266DBE9}.Release|ARM.Build.0 = Release|ARM
		{9C70E13A-CE9E-4234-AB52-A4C90266DBE9}.Release|ARM.Deploy.0 = Release|ARM
		{9C70E13A-CE9E-4234-AB52-A4C90266DBE9}.Release|iPhone.ActiveCfg = Release|x86
		{9C70E13A-CE9E-4234-AB52-A4C90266DBE9}.Release|iPhoneSimulator.ActiveCfg = Release|x86
		{9C70E13A-CE9E-4234-AB52-A4C90266DBE9}.Release|x64.ActiveCfg = Release|x64
		{9C70E13A-CE9E-4234-AB52-A4C90266DBE9}.Release|x64.Build.0 = Release|x64
		{9C70E13A-CE9E-4234-AB52-A4C90266DBE9}.Release|x64.Deploy.0 = Release|x64
		{9C70E13A-CE9E-4234-AB52-A4C90266DBE9}.Release|x86.ActiveCfg = Release|x86
		{9C70E13A-CE9E-4234-AB52-A4C90266DBE9}.Release|x86.Build.0 = Release|x86
		{9C70E13A-CE9E-4234-AB52-A4C90266DBE9}.Release|x86.Deploy.0 = Release|x86
		{83455613-C6B7-4797-92D9-DF388659BC08}.Ad-Hoc|Any CPU.ActiveCfg = Ad-Hoc|iPhone
		{83455613-C6B7-4797-92D9-DF388659BC08}.Ad-Hoc|ARM.ActiveCfg = Ad-Hoc|iPhone
		{83455613-C6B7-4797-92D9-DF388659BC08}.Ad-Hoc|iPhone.ActiveCfg = Ad-Hoc|iPhone
		{83455613-C6B7-4797-92D9-DF388659BC08}.Ad-Hoc|iPhone.Build.0 = Ad-Hoc|iPhone
		{83455613-C6B7-4797-92D9-DF388659BC08}.Ad-Hoc|iPhoneSimulator.ActiveCfg = Ad-Hoc|iPhoneSimulator
		{83455613-C6B7-4797-92D9-DF388659BC08}.Ad-Hoc|iPhoneSimulator.Build.0 = Ad-Hoc|iPhoneSimulator
		{83455613-C6B7-4797-92D9-DF388659BC08}.Ad-Hoc|x64.ActiveCfg = Ad-Hoc|iPhone
		{83455613-C6B7-4797-92D9-DF388659BC08}.Ad-Hoc|x86.ActiveCfg = Ad-Hoc|iPhone
		{83455613-C6B7-4797-92D9-DF388659BC08}.AppStore|Any CPU.ActiveCfg = AppStore|iPhone
		{83455613-C6B7-4797-92D9-DF388659BC08}.AppStore|ARM.ActiveCfg = AppStore|iPhone
		{83455613-C6B7-4797-92D9-DF388659BC08}.AppStore|iPhone.ActiveCfg = AppStore|iPhone
		{83455613-C6B7-4797-92D9-DF388659BC08}.AppStore|iPhone.Build.0 = AppStore|iPhone
		{83455613-C6B7-4797-92D9-DF388659BC08}.AppStore|iPhoneSimulator.ActiveCfg = AppStore|iPhoneSimulator
		{83455613-C6B7-4797-92D9-DF388659BC08}.AppStore|iPhoneSimulator.Build.0 = AppStore|iPhoneSimulator
		{83455613-C6B7-4797-92D9-DF388659BC08}.AppStore|x64.ActiveCfg = AppStore|iPhone
		{83455613-C6B7-4797-92D9-DF388659BC08}.AppStore|x86.ActiveCfg = AppStore|iPhone
		{83455613-C6B7-4797-92D9-DF388659BC08}.Debug|Any CPU.ActiveCfg = Debug|iPhone
		{83455613-C6B7-4797-92D9-DF388659BC08}.Debug|ARM.ActiveCfg = Debug|iPhone
		{83455613-C6B7-4797-92D9-DF388659BC08}.Debug|iPhone.ActiveCfg = Debug|iPhone
		{83455613-C6B7-4797-92D9-DF388659BC08}.Debug|iPhone.Build.0 = Debug|iPhone
		{83455613-C6B7-4797-92D9-DF388659BC08}.Debug|iPhoneSimulator.ActiveCfg = Debug|iPhoneSimulator
		{83455613-C6B7-4797-92D9-DF388659BC08}.Debug|iPhoneSimulator.Build.0 = Debug|iPhoneSimulator
		{83455613-C6B7-4797-92D9-DF388659BC08}.Debug|x64.ActiveCfg = Debug|iPhone
		{83455613-C6B7-4797-92D9-DF388659BC08}.Debug|x86.ActiveCfg = Debug|iPhone
		{83455613-C6B7-4797-92D9-DF388659BC08}.Release|Any CPU.ActiveCfg = Release|iPhone
		{83455613-C6B7-4797-92D9-DF388659BC08}.Release|ARM.ActiveCfg = Release|iPhone
		{83455613-C6B7-4797-92D9-DF388659BC08}.Release|iPhone.ActiveCfg = Release|iPhone
		{83455613-C6B7-4797-92D9-DF388659BC08}.Release|iPhone.Build.0 = Release|iPhone
		{83455613-C6B7-4797-92D9-DF388659BC08}.Release|iPhoneSimulator.ActiveCfg = Release|iPhoneSimulator
		{83455613-C6B7-4797-92D9-DF388659BC08}.Release|iPhoneSimulator.Build.0 = Release|iPhoneSimulator
		{83455613-C6B7-4797-92D9-DF388659BC08}.Release|x64.ActiveCfg = Release|iPhone
		{83455613-C6B7-4797-92D9-DF388659BC08}.Release|x86.ActiveCfg = Release|iPhone
		{89D842D4-A419-43CD-BE45-7FAE28B29EA2}.Ad-Hoc|Any CPU.ActiveCfg = Release|Any CPU
		{89D842D4-A419-43CD-BE45-7FAE28B29EA2}.Ad-Hoc|Any CPU.Build.0 = Release|Any CPU
		{89D842D4-A419-43CD-BE45-7FAE28B29EA2}.Ad-Hoc|ARM.ActiveCfg = Release|Any CPU
		{89D842D4-A419-43CD-BE45-7FAE28B29EA2}.Ad-Hoc|ARM.Build.0 = Release|Any CPU
		{89D842D4-A419-43CD-BE45-7FAE28B29EA2}.Ad-Hoc|iPhone.ActiveCfg = Release|Any CPU
		{89D842D4-A419-43CD-BE45-7FAE28B29EA2}.Ad-Hoc|iPhone.Build.0 = Release|Any CPU
		{89D842D4-A419-43CD-BE45-7FAE28B29EA2}.Ad-Hoc|iPhoneSimulator.ActiveCfg = Release|Any CPU
		{89D842D4-A419-43CD-BE45-7FAE28B29EA2}.Ad-Hoc|iPhoneSimulator.Build.0 = Release|Any CPU
		{89D842D4-A419-43CD-BE45-7FAE28B29EA2}.Ad-Hoc|x64.ActiveCfg = Release|Any CPU
		{89D842D4-A419-43CD-BE45-7FAE28B29EA2}.Ad-Hoc|x64.Build.0 = Release|Any CPU
		{89D842D4-A419-43CD-BE45-7FAE28B29EA2}.Ad-Hoc|x86.ActiveCfg = Release|Any CPU
		{89D842D4-A419-43CD-BE45-7FAE28B29EA2}.Ad-Hoc|x86.Build.0 = Release|Any CPU
		{89D842D4-A419-43CD-BE45-7FAE28B29EA2}.AppStore|Any CPU.ActiveCfg = Release|Any CPU
		{89D842D4-A419-43CD-BE45-7FAE28B29EA2}.AppStore|Any CPU.Build.0 = Release|Any CPU
		{89D842D4-A419-43CD-BE45-7FAE28B29EA2}.AppStore|ARM.ActiveCfg = Release|Any CPU
		{89D842D4-A419-43CD-BE45-7FAE28B29EA2}.AppStore|ARM.Build.0 = Release|Any CPU
		{89D842D4-A419-43CD-BE45-7FAE28B29EA2}.AppStore|iPhone.ActiveCfg = Release|Any CPU
		{89D842D4-A419-43CD-BE45-7FAE28B29EA2}.AppStore|iPhone.Build.0 = Release|Any CPU
		{89D842D4-A419-43CD-BE45-7FAE28B29EA2}.AppStore|iPhoneSimulator.ActiveCfg = Release|Any CPU
		{89D842D4-A419-43CD-BE45-7FAE28B29EA2}.AppStore|iPhoneSimulator.Build.0 = Release|Any CPU
		{89D842D4-A419-43CD-BE45-7FAE28B29EA2}.AppStore|x64.ActiveCfg = Release|Any CPU
		{89D842D4-A419-43CD-BE45-7FAE28B29EA2}.AppStore|x64.Build.0 = Release|Any CPU
		{89D842D4-A419-43CD-BE45-7FAE28B29EA2}.AppStore|x86.ActiveCfg = Release|Any CPU
		{89D842D4-A419-43CD-BE45-7FAE28B29EA2}.AppStore|x86.Build.0 = Release|Any CPU
		{89D842D4-A419-43CD-BE45-7FAE28B29EA2}.Debug|Any CPU.ActiveCfg = Debug|Any CPU
		{89D842D4-A419-43CD-BE45-7FAE28B29EA2}.Debug|Any CPU.Build.0 = Debug|Any CPU
		{89D842D4-A419-43CD-BE45-7FAE28B29EA2}.Debug|ARM.ActiveCfg = Debug|Any CPU
		{89D842D4-A419-43CD-BE45-7FAE28B29EA2}.Debug|ARM.Build.0 = Debug|Any CPU
		{89D842D4-A419-43CD-BE45-7FAE28B29EA2}.Debug|iPhone.ActiveCfg = Debug|Any CPU
		{89D842D4-A419-43CD-BE45-7FAE28B29EA2}.Debug|iPhone.Build.0 = Debug|Any CPU
		{89D842D4-A419-43CD-BE45-7FAE28B29EA2}.Debug|iPhoneSimulator.ActiveCfg = Debug|Any CPU
		{89D842D4-A419-43CD-BE45-7FAE28B29EA2}.Debug|iPhoneSimulator.Build.0 = Debug|Any CPU
		{89D842D4-A419-43CD-BE45-7FAE28B29EA2}.Debug|x64.ActiveCfg = Debug|Any CPU
		{89D842D4-A419-43CD-BE45-7FAE28B29EA2}.Debug|x64.Build.0 = Debug|Any CPU
		{89D842D4-A419-43CD-BE45-7FAE28B29EA2}.Debug|x86.ActiveCfg = Debug|Any CPU
		{89D842D4-A419-43CD-BE45-7FAE28B29EA2}.Debug|x86.Build.0 = Debug|Any CPU
		{89D842D4-A419-43CD-BE45-7FAE28B29EA2}.Release|Any CPU.ActiveCfg = Release|Any CPU
		{89D842D4-A419-43CD-BE45-7FAE28B29EA2}.Release|Any CPU.Build.0 = Release|Any CPU
		{89D842D4-A419-43CD-BE45-7FAE28B29EA2}.Release|ARM.ActiveCfg = Release|Any CPU
		{89D842D4-A419-43CD-BE45-7FAE28B29EA2}.Release|ARM.Build.0 = Release|Any CPU
		{89D842D4-A419-43CD-BE45-7FAE28B29EA2}.Release|iPhone.ActiveCfg = Release|Any CPU
		{89D842D4-A419-43CD-BE45-7FAE28B29EA2}.Release|iPhone.Build.0 = Release|Any CPU
		{89D842D4-A419-43CD-BE45-7FAE28B29EA2}.Release|iPhoneSimulator.ActiveCfg = Release|Any CPU
		{89D842D4-A419-43CD-BE45-7FAE28B29EA2}.Release|iPhoneSimulator.Build.0 = Release|Any CPU
		{89D842D4-A419-43CD-BE45-7FAE28B29EA2}.Release|x64.ActiveCfg = Release|Any CPU
		{89D842D4-A419-43CD-BE45-7FAE28B29EA2}.Release|x64.Build.0 = Release|Any CPU
		{89D842D4-A419-43CD-BE45-7FAE28B29EA2}.Release|x86.ActiveCfg = Release|Any CPU
		{89D842D4-A419-43CD-BE45-7FAE28B29EA2}.Release|x86.Build.0 = Release|Any CPU
		{B47CC450-4948-4EB3-801A-DADD8255D894}.Ad-Hoc|Any CPU.ActiveCfg = Debug|Any CPU
		{B47CC450-4948-4EB3-801A-DADD8255D894}.Ad-Hoc|Any CPU.Build.0 = Debug|Any CPU
		{B47CC450-4948-4EB3-801A-DADD8255D894}.Ad-Hoc|ARM.ActiveCfg = Debug|Any CPU
		{B47CC450-4948-4EB3-801A-DADD8255D894}.Ad-Hoc|ARM.Build.0 = Debug|Any CPU
		{B47CC450-4948-4EB3-801A-DADD8255D894}.Ad-Hoc|iPhone.ActiveCfg = Debug|Any CPU
		{B47CC450-4948-4EB3-801A-DADD8255D894}.Ad-Hoc|iPhone.Build.0 = Debug|Any CPU
		{B47CC450-4948-4EB3-801A-DADD8255D894}.Ad-Hoc|iPhoneSimulator.ActiveCfg = Debug|Any CPU
		{B47CC450-4948-4EB3-801A-DADD8255D894}.Ad-Hoc|iPhoneSimulator.Build.0 = Debug|Any CPU
		{B47CC450-4948-4EB3-801A-DADD8255D894}.Ad-Hoc|x64.ActiveCfg = Debug|Any CPU
		{B47CC450-4948-4EB3-801A-DADD8255D894}.Ad-Hoc|x64.Build.0 = Debug|Any CPU
		{B47CC450-4948-4EB3-801A-DADD8255D894}.Ad-Hoc|x86.ActiveCfg = Debug|Any CPU
		{B47CC450-4948-4EB3-801A-DADD8255D894}.Ad-Hoc|x86.Build.0 = Debug|Any CPU
		{B47CC450-4948-4EB3-801A-DADD8255D894}.AppStore|Any CPU.ActiveCfg = Debug|Any CPU
		{B47CC450-4948-4EB3-801A-DADD8255D894}.AppStore|Any CPU.Build.0 = Debug|Any CPU
		{B47CC450-4948-4EB3-801A-DADD8255D894}.AppStore|ARM.ActiveCfg = Debug|Any CPU
		{B47CC450-4948-4EB3-801A-DADD8255D894}.AppStore|ARM.Build.0 = Debug|Any CPU
		{B47CC450-4948-4EB3-801A-DADD8255D894}.AppStore|iPhone.ActiveCfg = Debug|Any CPU
		{B47CC450-4948-4EB3-801A-DADD8255D894}.AppStore|iPhone.Build.0 = Debug|Any CPU
		{B47CC450-4948-4EB3-801A-DADD8255D894}.AppStore|iPhoneSimulator.ActiveCfg = Debug|Any CPU
		{B47CC450-4948-4EB3-801A-DADD8255D894}.AppStore|iPhoneSimulator.Build.0 = Debug|Any CPU
		{B47CC450-4948-4EB3-801A-DADD8255D894}.AppStore|x64.ActiveCfg = Debug|Any CPU
		{B47CC450-4948-4EB3-801A-DADD8255D894}.AppStore|x64.Build.0 = Debug|Any CPU
		{B47CC450-4948-4EB3-801A-DADD8255D894}.AppStore|x86.ActiveCfg = Debug|Any CPU
		{B47CC450-4948-4EB3-801A-DADD8255D894}.AppStore|x86.Build.0 = Debug|Any CPU
		{B47CC450-4948-4EB3-801A-DADD8255D894}.Debug|Any CPU.ActiveCfg = Debug|Any CPU
		{B47CC450-4948-4EB3-801A-DADD8255D894}.Debug|Any CPU.Build.0 = Debug|Any CPU
		{B47CC450-4948-4EB3-801A-DADD8255D894}.Debug|ARM.ActiveCfg = Debug|Any CPU
		{B47CC450-4948-4EB3-801A-DADD8255D894}.Debug|ARM.Build.0 = Debug|Any CPU
		{B47CC450-4948-4EB3-801A-DADD8255D894}.Debug|iPhone.ActiveCfg = Debug|Any CPU
		{B47CC450-4948-4EB3-801A-DADD8255D894}.Debug|iPhone.Build.0 = Debug|Any CPU
		{B47CC450-4948-4EB3-801A-DADD8255D894}.Debug|iPhoneSimulator.ActiveCfg = Debug|Any CPU
		{B47CC450-4948-4EB3-801A-DADD8255D894}.Debug|iPhoneSimulator.Build.0 = Debug|Any CPU
		{B47CC450-4948-4EB3-801A-DADD8255D894}.Debug|x64.ActiveCfg = Debug|Any CPU
		{B47CC450-4948-4EB3-801A-DADD8255D894}.Debug|x64.Build.0 = Debug|Any CPU
		{B47CC450-4948-4EB3-801A-DADD8255D894}.Debug|x86.ActiveCfg = Debug|Any CPU
		{B47CC450-4948-4EB3-801A-DADD8255D894}.Debug|x86.Build.0 = Debug|Any CPU
		{B47CC450-4948-4EB3-801A-DADD8255D894}.Release|Any CPU.ActiveCfg = Release|Any CPU
		{B47CC450-4948-4EB3-801A-DADD8255D894}.Release|Any CPU.Build.0 = Release|Any CPU
		{B47CC450-4948-4EB3-801A-DADD8255D894}.Release|ARM.ActiveCfg = Release|Any CPU
		{B47CC450-4948-4EB3-801A-DADD8255D894}.Release|ARM.Build.0 = Release|Any CPU
		{B47CC450-4948-4EB3-801A-DADD8255D894}.Release|iPhone.ActiveCfg = Release|Any CPU
		{B47CC450-4948-4EB3-801A-DADD8255D894}.Release|iPhone.Build.0 = Release|Any CPU
		{B47CC450-4948-4EB3-801A-DADD8255D894}.Release|iPhoneSimulator.ActiveCfg = Release|Any CPU
		{B47CC450-4948-4EB3-801A-DADD8255D894}.Release|iPhoneSimulator.Build.0 = Release|Any CPU
		{B47CC450-4948-4EB3-801A-DADD8255D894}.Release|x64.ActiveCfg = Release|Any CPU
		{B47CC450-4948-4EB3-801A-DADD8255D894}.Release|x64.Build.0 = Release|Any CPU
		{B47CC450-4948-4EB3-801A-DADD8255D894}.Release|x86.ActiveCfg = Release|Any CPU
		{B47CC450-4948-4EB3-801A-DADD8255D894}.Release|x86.Build.0 = Release|Any CPU
		{FFB1F142-617B-4E2F-A0CB-B8CEA5B46606}.Ad-Hoc|Any CPU.ActiveCfg = Debug|Any CPU
		{FFB1F142-617B-4E2F-A0CB-B8CEA5B46606}.Ad-Hoc|Any CPU.Build.0 = Debug|Any CPU
		{FFB1F142-617B-4E2F-A0CB-B8CEA5B46606}.Ad-Hoc|ARM.ActiveCfg = Debug|Any CPU
		{FFB1F142-617B-4E2F-A0CB-B8CEA5B46606}.Ad-Hoc|ARM.Build.0 = Debug|Any CPU
		{FFB1F142-617B-4E2F-A0CB-B8CEA5B46606}.Ad-Hoc|iPhone.ActiveCfg = Debug|Any CPU
		{FFB1F142-617B-4E2F-A0CB-B8CEA5B46606}.Ad-Hoc|iPhone.Build.0 = Debug|Any CPU
		{FFB1F142-617B-4E2F-A0CB-B8CEA5B46606}.Ad-Hoc|iPhoneSimulator.ActiveCfg = Debug|Any CPU
		{FFB1F142-617B-4E2F-A0CB-B8CEA5B46606}.Ad-Hoc|iPhoneSimulator.Build.0 = Debug|Any CPU
		{FFB1F142-617B-4E2F-A0CB-B8CEA5B46606}.Ad-Hoc|x64.ActiveCfg = Debug|Any CPU
		{FFB1F142-617B-4E2F-A0CB-B8CEA5B46606}.Ad-Hoc|x64.Build.0 = Debug|Any CPU
		{FFB1F142-617B-4E2F-A0CB-B8CEA5B46606}.Ad-Hoc|x86.ActiveCfg = Debug|Any CPU
		{FFB1F142-617B-4E2F-A0CB-B8CEA5B46606}.Ad-Hoc|x86.Build.0 = Debug|Any CPU
		{FFB1F142-617B-4E2F-A0CB-B8CEA5B46606}.AppStore|Any CPU.ActiveCfg = Debug|Any CPU
		{FFB1F142-617B-4E2F-A0CB-B8CEA5B46606}.AppStore|Any CPU.Build.0 = Debug|Any CPU
		{FFB1F142-617B-4E2F-A0CB-B8CEA5B46606}.AppStore|ARM.ActiveCfg = Debug|Any CPU
		{FFB1F142-617B-4E2F-A0CB-B8CEA5B46606}.AppStore|ARM.Build.0 = Debug|Any CPU
		{FFB1F142-617B-4E2F-A0CB-B8CEA5B46606}.AppStore|iPhone.ActiveCfg = Debug|Any CPU
		{FFB1F142-617B-4E2F-A0CB-B8CEA5B46606}.AppStore|iPhone.Build.0 = Debug|Any CPU
		{FFB1F142-617B-4E2F-A0CB-B8CEA5B46606}.AppStore|iPhoneSimulator.ActiveCfg = Debug|Any CPU
		{FFB1F142-617B-4E2F-A0CB-B8CEA5B46606}.AppStore|iPhoneSimulator.Build.0 = Debug|Any CPU
		{FFB1F142-617B-4E2F-A0CB-B8CEA5B46606}.AppStore|x64.ActiveCfg = Debug|Any CPU
		{FFB1F142-617B-4E2F-A0CB-B8CEA5B46606}.AppStore|x64.Build.0 = Debug|Any CPU
		{FFB1F142-617B-4E2F-A0CB-B8CEA5B46606}.AppStore|x86.ActiveCfg = Debug|Any CPU
		{FFB1F142-617B-4E2F-A0CB-B8CEA5B46606}.AppStore|x86.Build.0 = Debug|Any CPU
		{FFB1F142-617B-4E2F-A0CB-B8CEA5B46606}.Debug|Any CPU.ActiveCfg = Debug|Any CPU
		{FFB1F142-617B-4E2F-A0CB-B8CEA5B46606}.Debug|Any CPU.Build.0 = Debug|Any CPU
		{FFB1F142-617B-4E2F-A0CB-B8CEA5B46606}.Debug|ARM.ActiveCfg = Debug|Any CPU
		{FFB1F142-617B-4E2F-A0CB-B8CEA5B46606}.Debug|ARM.Build.0 = Debug|Any CPU
		{FFB1F142-617B-4E2F-A0CB-B8CEA5B46606}.Debug|iPhone.ActiveCfg = Debug|Any CPU
		{FFB1F142-617B-4E2F-A0CB-B8CEA5B46606}.Debug|iPhone.Build.0 = Debug|Any CPU
		{FFB1F142-617B-4E2F-A0CB-B8CEA5B46606}.Debug|iPhoneSimulator.ActiveCfg = Debug|Any CPU
		{FFB1F142-617B-4E2F-A0CB-B8CEA5B46606}.Debug|iPhoneSimulator.Build.0 = Debug|Any CPU
		{FFB1F142-617B-4E2F-A0CB-B8CEA5B46606}.Debug|x64.ActiveCfg = Debug|Any CPU
		{FFB1F142-617B-4E2F-A0CB-B8CEA5B46606}.Debug|x64.Build.0 = Debug|Any CPU
		{FFB1F142-617B-4E2F-A0CB-B8CEA5B46606}.Debug|x86.ActiveCfg = Debug|Any CPU
		{FFB1F142-617B-4E2F-A0CB-B8CEA5B46606}.Debug|x86.Build.0 = Debug|Any CPU
		{FFB1F142-617B-4E2F-A0CB-B8CEA5B46606}.Release|Any CPU.ActiveCfg = Release|Any CPU
		{FFB1F142-617B-4E2F-A0CB-B8CEA5B46606}.Release|Any CPU.Build.0 = Release|Any CPU
		{FFB1F142-617B-4E2F-A0CB-B8CEA5B46606}.Release|ARM.ActiveCfg = Release|Any CPU
		{FFB1F142-617B-4E2F-A0CB-B8CEA5B46606}.Release|ARM.Build.0 = Release|Any CPU
		{FFB1F142-617B-4E2F-A0CB-B8CEA5B46606}.Release|iPhone.ActiveCfg = Release|Any CPU
		{FFB1F142-617B-4E2F-A0CB-B8CEA5B46606}.Release|iPhone.Build.0 = Release|Any CPU
		{FFB1F142-617B-4E2F-A0CB-B8CEA5B46606}.Release|iPhoneSimulator.ActiveCfg = Release|Any CPU
		{FFB1F142-617B-4E2F-A0CB-B8CEA5B46606}.Release|iPhoneSimulator.Build.0 = Release|Any CPU
		{FFB1F142-617B-4E2F-A0CB-B8CEA5B46606}.Release|x64.ActiveCfg = Release|Any CPU
		{FFB1F142-617B-4E2F-A0CB-B8CEA5B46606}.Release|x64.Build.0 = Release|Any CPU
		{FFB1F142-617B-4E2F-A0CB-B8CEA5B46606}.Release|x86.ActiveCfg = Release|Any CPU
		{FFB1F142-617B-4E2F-A0CB-B8CEA5B46606}.Release|x86.Build.0 = Release|Any CPU
		{489437AD-7D12-438E-809B-DC1A9C620702}.Ad-Hoc|Any CPU.ActiveCfg = Debug|Any CPU
		{489437AD-7D12-438E-809B-DC1A9C620702}.Ad-Hoc|Any CPU.Build.0 = Debug|Any CPU
		{489437AD-7D12-438E-809B-DC1A9C620702}.Ad-Hoc|ARM.ActiveCfg = Debug|Any CPU
		{489437AD-7D12-438E-809B-DC1A9C620702}.Ad-Hoc|ARM.Build.0 = Debug|Any CPU
		{489437AD-7D12-438E-809B-DC1A9C620702}.Ad-Hoc|iPhone.ActiveCfg = Debug|Any CPU
		{489437AD-7D12-438E-809B-DC1A9C620702}.Ad-Hoc|iPhone.Build.0 = Debug|Any CPU
		{489437AD-7D12-438E-809B-DC1A9C620702}.Ad-Hoc|iPhoneSimulator.ActiveCfg = Debug|Any CPU
		{489437AD-7D12-438E-809B-DC1A9C620702}.Ad-Hoc|iPhoneSimulator.Build.0 = Debug|Any CPU
		{489437AD-7D12-438E-809B-DC1A9C620702}.Ad-Hoc|x64.ActiveCfg = Debug|Any CPU
		{489437AD-7D12-438E-809B-DC1A9C620702}.Ad-Hoc|x64.Build.0 = Debug|Any CPU
		{489437AD-7D12-438E-809B-DC1A9C620702}.Ad-Hoc|x86.ActiveCfg = Debug|Any CPU
		{489437AD-7D12-438E-809B-DC1A9C620702}.Ad-Hoc|x86.Build.0 = Debug|Any CPU
		{489437AD-7D12-438E-809B-DC1A9C620702}.AppStore|Any CPU.ActiveCfg = Debug|Any CPU
		{489437AD-7D12-438E-809B-DC1A9C620702}.AppStore|Any CPU.Build.0 = Debug|Any CPU
		{489437AD-7D12-438E-809B-DC1A9C620702}.AppStore|ARM.ActiveCfg = Debug|Any CPU
		{489437AD-7D12-438E-809B-DC1A9C620702}.AppStore|ARM.Build.0 = Debug|Any CPU
		{489437AD-7D12-438E-809B-DC1A9C620702}.AppStore|iPhone.ActiveCfg = Debug|Any CPU
		{489437AD-7D12-438E-809B-DC1A9C620702}.AppStore|iPhone.Build.0 = Debug|Any CPU
		{489437AD-7D12-438E-809B-DC1A9C620702}.AppStore|iPhoneSimulator.ActiveCfg = Debug|Any CPU
		{489437AD-7D12-438E-809B-DC1A9C620702}.AppStore|iPhoneSimulator.Build.0 = Debug|Any CPU
		{489437AD-7D12-438E-809B-DC1A9C620702}.AppStore|x64.ActiveCfg = Debug|Any CPU
		{489437AD-7D12-438E-809B-DC1A9C620702}.AppStore|x64.Build.0 = Debug|Any CPU
		{489437AD-7D12-438E-809B-DC1A9C620702}.AppStore|x86.ActiveCfg = Debug|Any CPU
		{489437AD-7D12-438E-809B-DC1A9C620702}.AppStore|x86.Build.0 = Debug|Any CPU
		{489437AD-7D12-438E-809B-DC1A9C620702}.Debug|Any CPU.ActiveCfg = Debug|Any CPU
		{489437AD-7D12-438E-809B-DC1A9C620702}.Debug|Any CPU.Build.0 = Debug|Any CPU
		{489437AD-7D12-438E-809B-DC1A9C620702}.Debug|ARM.ActiveCfg = Debug|Any CPU
		{489437AD-7D12-438E-809B-DC1A9C620702}.Debug|ARM.Build.0 = Debug|Any CPU
		{489437AD-7D12-438E-809B-DC1A9C620702}.Debug|iPhone.ActiveCfg = Debug|Any CPU
		{489437AD-7D12-438E-809B-DC1A9C620702}.Debug|iPhone.Build.0 = Debug|Any CPU
		{489437AD-7D12-438E-809B-DC1A9C620702}.Debug|iPhoneSimulator.ActiveCfg = Debug|Any CPU
		{489437AD-7D12-438E-809B-DC1A9C620702}.Debug|iPhoneSimulator.Build.0 = Debug|Any CPU
		{489437AD-7D12-438E-809B-DC1A9C620702}.Debug|x64.ActiveCfg = Debug|Any CPU
		{489437AD-7D12-438E-809B-DC1A9C620702}.Debug|x64.Build.0 = Debug|Any CPU
		{489437AD-7D12-438E-809B-DC1A9C620702}.Debug|x86.ActiveCfg = Debug|Any CPU
		{489437AD-7D12-438E-809B-DC1A9C620702}.Debug|x86.Build.0 = Debug|Any CPU
		{489437AD-7D12-438E-809B-DC1A9C620702}.Release|Any CPU.ActiveCfg = Release|Any CPU
		{489437AD-7D12-438E-809B-DC1A9C620702}.Release|Any CPU.Build.0 = Release|Any CPU
		{489437AD-7D12-438E-809B-DC1A9C620702}.Release|ARM.ActiveCfg = Release|Any CPU
		{489437AD-7D12-438E-809B-DC1A9C620702}.Release|ARM.Build.0 = Release|Any CPU
		{489437AD-7D12-438E-809B-DC1A9C620702}.Release|iPhone.ActiveCfg = Release|Any CPU
		{489437AD-7D12-438E-809B-DC1A9C620702}.Release|iPhone.Build.0 = Release|Any CPU
		{489437AD-7D12-438E-809B-DC1A9C620702}.Release|iPhoneSimulator.ActiveCfg = Release|Any CPU
		{489437AD-7D12-438E-809B-DC1A9C620702}.Release|iPhoneSimulator.Build.0 = Release|Any CPU
		{489437AD-7D12-438E-809B-DC1A9C620702}.Release|x64.ActiveCfg = Release|Any CPU
		{489437AD-7D12-438E-809B-DC1A9C620702}.Release|x64.Build.0 = Release|Any CPU
		{489437AD-7D12-438E-809B-DC1A9C620702}.Release|x86.ActiveCfg = Release|Any CPU
		{489437AD-7D12-438E-809B-DC1A9C620702}.Release|x86.Build.0 = Release|Any CPU
		{4077582F-0B0C-4BF5-B0EB-1C447525FBBA}.Ad-Hoc|Any CPU.ActiveCfg = Debug|Any CPU
		{4077582F-0B0C-4BF5-B0EB-1C447525FBBA}.Ad-Hoc|Any CPU.Build.0 = Debug|Any CPU
		{4077582F-0B0C-4BF5-B0EB-1C447525FBBA}.Ad-Hoc|ARM.ActiveCfg = Debug|Any CPU
		{4077582F-0B0C-4BF5-B0EB-1C447525FBBA}.Ad-Hoc|ARM.Build.0 = Debug|Any CPU
		{4077582F-0B0C-4BF5-B0EB-1C447525FBBA}.Ad-Hoc|iPhone.ActiveCfg = Debug|Any CPU
		{4077582F-0B0C-4BF5-B0EB-1C447525FBBA}.Ad-Hoc|iPhone.Build.0 = Debug|Any CPU
		{4077582F-0B0C-4BF5-B0EB-1C447525FBBA}.Ad-Hoc|iPhoneSimulator.ActiveCfg = Debug|Any CPU
		{4077582F-0B0C-4BF5-B0EB-1C447525FBBA}.Ad-Hoc|iPhoneSimulator.Build.0 = Debug|Any CPU
		{4077582F-0B0C-4BF5-B0EB-1C447525FBBA}.Ad-Hoc|x64.ActiveCfg = Debug|Any CPU
		{4077582F-0B0C-4BF5-B0EB-1C447525FBBA}.Ad-Hoc|x64.Build.0 = Debug|Any CPU
		{4077582F-0B0C-4BF5-B0EB-1C447525FBBA}.Ad-Hoc|x86.ActiveCfg = Debug|Any CPU
		{4077582F-0B0C-4BF5-B0EB-1C447525FBBA}.Ad-Hoc|x86.Build.0 = Debug|Any CPU
		{4077582F-0B0C-4BF5-B0EB-1C447525FBBA}.AppStore|Any CPU.ActiveCfg = Debug|Any CPU
		{4077582F-0B0C-4BF5-B0EB-1C447525FBBA}.AppStore|Any CPU.Build.0 = Debug|Any CPU
		{4077582F-0B0C-4BF5-B0EB-1C447525FBBA}.AppStore|ARM.ActiveCfg = Debug|Any CPU
		{4077582F-0B0C-4BF5-B0EB-1C447525FBBA}.AppStore|ARM.Build.0 = Debug|Any CPU
		{4077582F-0B0C-4BF5-B0EB-1C447525FBBA}.AppStore|iPhone.ActiveCfg = Debug|Any CPU
		{4077582F-0B0C-4BF5-B0EB-1C447525FBBA}.AppStore|iPhone.Build.0 = Debug|Any CPU
		{4077582F-0B0C-4BF5-B0EB-1C447525FBBA}.AppStore|iPhoneSimulator.ActiveCfg = Debug|Any CPU
		{4077582F-0B0C-4BF5-B0EB-1C447525FBBA}.AppStore|iPhoneSimulator.Build.0 = Debug|Any CPU
		{4077582F-0B0C-4BF5-B0EB-1C447525FBBA}.AppStore|x64.ActiveCfg = Debug|Any CPU
		{4077582F-0B0C-4BF5-B0EB-1C447525FBBA}.AppStore|x64.Build.0 = Debug|Any CPU
		{4077582F-0B0C-4BF5-B0EB-1C447525FBBA}.AppStore|x86.ActiveCfg = Debug|Any CPU
		{4077582F-0B0C-4BF5-B0EB-1C447525FBBA}.AppStore|x86.Build.0 = Debug|Any CPU
		{4077582F-0B0C-4BF5-B0EB-1C447525FBBA}.Debug|Any CPU.ActiveCfg = Debug|Any CPU
		{4077582F-0B0C-4BF5-B0EB-1C447525FBBA}.Debug|Any CPU.Build.0 = Debug|Any CPU
		{4077582F-0B0C-4BF5-B0EB-1C447525FBBA}.Debug|ARM.ActiveCfg = Debug|Any CPU
		{4077582F-0B0C-4BF5-B0EB-1C447525FBBA}.Debug|ARM.Build.0 = Debug|Any CPU
		{4077582F-0B0C-4BF5-B0EB-1C447525FBBA}.Debug|iPhone.ActiveCfg = Debug|Any CPU
		{4077582F-0B0C-4BF5-B0EB-1C447525FBBA}.Debug|iPhone.Build.0 = Debug|Any CPU
		{4077582F-0B0C-4BF5-B0EB-1C447525FBBA}.Debug|iPhoneSimulator.ActiveCfg = Debug|Any CPU
		{4077582F-0B0C-4BF5-B0EB-1C447525FBBA}.Debug|iPhoneSimulator.Build.0 = Debug|Any CPU
		{4077582F-0B0C-4BF5-B0EB-1C447525FBBA}.Debug|x64.ActiveCfg = Debug|Any CPU
		{4077582F-0B0C-4BF5-B0EB-1C447525FBBA}.Debug|x64.Build.0 = Debug|Any CPU
		{4077582F-0B0C-4BF5-B0EB-1C447525FBBA}.Debug|x86.ActiveCfg = Debug|Any CPU
		{4077582F-0B0C-4BF5-B0EB-1C447525FBBA}.Debug|x86.Build.0 = Debug|Any CPU
		{4077582F-0B0C-4BF5-B0EB-1C447525FBBA}.Release|Any CPU.ActiveCfg = Release|Any CPU
		{4077582F-0B0C-4BF5-B0EB-1C447525FBBA}.Release|Any CPU.Build.0 = Release|Any CPU
		{4077582F-0B0C-4BF5-B0EB-1C447525FBBA}.Release|ARM.ActiveCfg = Release|Any CPU
		{4077582F-0B0C-4BF5-B0EB-1C447525FBBA}.Release|ARM.Build.0 = Release|Any CPU
		{4077582F-0B0C-4BF5-B0EB-1C447525FBBA}.Release|iPhone.ActiveCfg = Release|Any CPU
		{4077582F-0B0C-4BF5-B0EB-1C447525FBBA}.Release|iPhone.Build.0 = Release|Any CPU
		{4077582F-0B0C-4BF5-B0EB-1C447525FBBA}.Release|iPhoneSimulator.ActiveCfg = Release|Any CPU
		{4077582F-0B0C-4BF5-B0EB-1C447525FBBA}.Release|iPhoneSimulator.Build.0 = Release|Any CPU
		{4077582F-0B0C-4BF5-B0EB-1C447525FBBA}.Release|x64.ActiveCfg = Release|Any CPU
		{4077582F-0B0C-4BF5-B0EB-1C447525FBBA}.Release|x64.Build.0 = Release|Any CPU
		{4077582F-0B0C-4BF5-B0EB-1C447525FBBA}.Release|x86.ActiveCfg = Release|Any CPU
		{4077582F-0B0C-4BF5-B0EB-1C447525FBBA}.Release|x86.Build.0 = Release|Any CPU
		{F22C501A-7864-42AA-B476-B2096D711E81}.Ad-Hoc|Any CPU.ActiveCfg = Debug|Any CPU
		{F22C501A-7864-42AA-B476-B2096D711E81}.Ad-Hoc|Any CPU.Build.0 = Debug|Any CPU
		{F22C501A-7864-42AA-B476-B2096D711E81}.Ad-Hoc|ARM.ActiveCfg = Debug|Any CPU
		{F22C501A-7864-42AA-B476-B2096D711E81}.Ad-Hoc|ARM.Build.0 = Debug|Any CPU
		{F22C501A-7864-42AA-B476-B2096D711E81}.Ad-Hoc|iPhone.ActiveCfg = Debug|Any CPU
		{F22C501A-7864-42AA-B476-B2096D711E81}.Ad-Hoc|iPhone.Build.0 = Debug|Any CPU
		{F22C501A-7864-42AA-B476-B2096D711E81}.Ad-Hoc|iPhoneSimulator.ActiveCfg = Debug|Any CPU
		{F22C501A-7864-42AA-B476-B2096D711E81}.Ad-Hoc|iPhoneSimulator.Build.0 = Debug|Any CPU
		{F22C501A-7864-42AA-B476-B2096D711E81}.Ad-Hoc|x64.ActiveCfg = Debug|Any CPU
		{F22C501A-7864-42AA-B476-B2096D711E81}.Ad-Hoc|x64.Build.0 = Debug|Any CPU
		{F22C501A-7864-42AA-B476-B2096D711E81}.Ad-Hoc|x86.ActiveCfg = Debug|Any CPU
		{F22C501A-7864-42AA-B476-B2096D711E81}.Ad-Hoc|x86.Build.0 = Debug|Any CPU
		{F22C501A-7864-42AA-B476-B2096D711E81}.AppStore|Any CPU.ActiveCfg = Debug|Any CPU
		{F22C501A-7864-42AA-B476-B2096D711E81}.AppStore|Any CPU.Build.0 = Debug|Any CPU
		{F22C501A-7864-42AA-B476-B2096D711E81}.AppStore|ARM.ActiveCfg = Debug|Any CPU
		{F22C501A-7864-42AA-B476-B2096D711E81}.AppStore|ARM.Build.0 = Debug|Any CPU
		{F22C501A-7864-42AA-B476-B2096D711E81}.AppStore|iPhone.ActiveCfg = Debug|Any CPU
		{F22C501A-7864-42AA-B476-B2096D711E81}.AppStore|iPhone.Build.0 = Debug|Any CPU
		{F22C501A-7864-42AA-B476-B2096D711E81}.AppStore|iPhoneSimulator.ActiveCfg = Debug|Any CPU
		{F22C501A-7864-42AA-B476-B2096D711E81}.AppStore|iPhoneSimulator.Build.0 = Debug|Any CPU
		{F22C501A-7864-42AA-B476-B2096D711E81}.AppStore|x64.ActiveCfg = Debug|Any CPU
		{F22C501A-7864-42AA-B476-B2096D711E81}.AppStore|x64.Build.0 = Debug|Any CPU
		{F22C501A-7864-42AA-B476-B2096D711E81}.AppStore|x86.ActiveCfg = Debug|Any CPU
		{F22C501A-7864-42AA-B476-B2096D711E81}.AppStore|x86.Build.0 = Debug|Any CPU
		{F22C501A-7864-42AA-B476-B2096D711E81}.Debug|Any CPU.ActiveCfg = Debug|Any CPU
		{F22C501A-7864-42AA-B476-B2096D711E81}.Debug|Any CPU.Build.0 = Debug|Any CPU
		{F22C501A-7864-42AA-B476-B2096D711E81}.Debug|ARM.ActiveCfg = Debug|Any CPU
		{F22C501A-7864-42AA-B476-B2096D711E81}.Debug|ARM.Build.0 = Debug|Any CPU
		{F22C501A-7864-42AA-B476-B2096D711E81}.Debug|iPhone.ActiveCfg = Debug|Any CPU
		{F22C501A-7864-42AA-B476-B2096D711E81}.Debug|iPhone.Build.0 = Debug|Any CPU
		{F22C501A-7864-42AA-B476-B2096D711E81}.Debug|iPhoneSimulator.ActiveCfg = Debug|Any CPU
		{F22C501A-7864-42AA-B476-B2096D711E81}.Debug|iPhoneSimulator.Build.0 = Debug|Any CPU
		{F22C501A-7864-42AA-B476-B2096D711E81}.Debug|x64.ActiveCfg = Debug|Any CPU
		{F22C501A-7864-42AA-B476-B2096D711E81}.Debug|x64.Build.0 = Debug|Any CPU
		{F22C501A-7864-42AA-B476-B2096D711E81}.Debug|x86.ActiveCfg = Debug|Any CPU
		{F22C501A-7864-42AA-B476-B2096D711E81}.Debug|x86.Build.0 = Debug|Any CPU
		{F22C501A-7864-42AA-B476-B2096D711E81}.Release|Any CPU.ActiveCfg = Release|Any CPU
		{F22C501A-7864-42AA-B476-B2096D711E81}.Release|Any CPU.Build.0 = Release|Any CPU
		{F22C501A-7864-42AA-B476-B2096D711E81}.Release|ARM.ActiveCfg = Release|Any CPU
		{F22C501A-7864-42AA-B476-B2096D711E81}.Release|ARM.Build.0 = Release|Any CPU
		{F22C501A-7864-42AA-B476-B2096D711E81}.Release|iPhone.ActiveCfg = Release|Any CPU
		{F22C501A-7864-42AA-B476-B2096D711E81}.Release|iPhone.Build.0 = Release|Any CPU
		{F22C501A-7864-42AA-B476-B2096D711E81}.Release|iPhoneSimulator.ActiveCfg = Release|Any CPU
		{F22C501A-7864-42AA-B476-B2096D711E81}.Release|iPhoneSimulator.Build.0 = Release|Any CPU
		{F22C501A-7864-42AA-B476-B2096D711E81}.Release|x64.ActiveCfg = Release|Any CPU
		{F22C501A-7864-42AA-B476-B2096D711E81}.Release|x64.Build.0 = Release|Any CPU
		{F22C501A-7864-42AA-B476-B2096D711E81}.Release|x86.ActiveCfg = Release|Any CPU
		{F22C501A-7864-42AA-B476-B2096D711E81}.Release|x86.Build.0 = Release|Any CPU
		{8380FA35-42FE-40E5-8931-075189D582B9}.Ad-Hoc|Any CPU.ActiveCfg = Debug|Any CPU
		{8380FA35-42FE-40E5-8931-075189D582B9}.Ad-Hoc|Any CPU.Build.0 = Debug|Any CPU
		{8380FA35-42FE-40E5-8931-075189D582B9}.Ad-Hoc|ARM.ActiveCfg = Debug|Any CPU
		{8380FA35-42FE-40E5-8931-075189D582B9}.Ad-Hoc|ARM.Build.0 = Debug|Any CPU
		{8380FA35-42FE-40E5-8931-075189D582B9}.Ad-Hoc|iPhone.ActiveCfg = Debug|Any CPU
		{8380FA35-42FE-40E5-8931-075189D582B9}.Ad-Hoc|iPhone.Build.0 = Debug|Any CPU
		{8380FA35-42FE-40E5-8931-075189D582B9}.Ad-Hoc|iPhoneSimulator.ActiveCfg = Debug|Any CPU
		{8380FA35-42FE-40E5-8931-075189D582B9}.Ad-Hoc|iPhoneSimulator.Build.0 = Debug|Any CPU
		{8380FA35-42FE-40E5-8931-075189D582B9}.Ad-Hoc|x64.ActiveCfg = Debug|Any CPU
		{8380FA35-42FE-40E5-8931-075189D582B9}.Ad-Hoc|x64.Build.0 = Debug|Any CPU
		{8380FA35-42FE-40E5-8931-075189D582B9}.Ad-Hoc|x86.ActiveCfg = Debug|Any CPU
		{8380FA35-42FE-40E5-8931-075189D582B9}.Ad-Hoc|x86.Build.0 = Debug|Any CPU
		{8380FA35-42FE-40E5-8931-075189D582B9}.AppStore|Any CPU.ActiveCfg = Debug|Any CPU
		{8380FA35-42FE-40E5-8931-075189D582B9}.AppStore|Any CPU.Build.0 = Debug|Any CPU
		{8380FA35-42FE-40E5-8931-075189D582B9}.AppStore|ARM.ActiveCfg = Debug|Any CPU
		{8380FA35-42FE-40E5-8931-075189D582B9}.AppStore|ARM.Build.0 = Debug|Any CPU
		{8380FA35-42FE-40E5-8931-075189D582B9}.AppStore|iPhone.ActiveCfg = Debug|Any CPU
		{8380FA35-42FE-40E5-8931-075189D582B9}.AppStore|iPhone.Build.0 = Debug|Any CPU
		{8380FA35-42FE-40E5-8931-075189D582B9}.AppStore|iPhoneSimulator.ActiveCfg = Debug|Any CPU
		{8380FA35-42FE-40E5-8931-075189D582B9}.AppStore|iPhoneSimulator.Build.0 = Debug|Any CPU
		{8380FA35-42FE-40E5-8931-075189D582B9}.AppStore|x64.ActiveCfg = Debug|Any CPU
		{8380FA35-42FE-40E5-8931-075189D582B9}.AppStore|x64.Build.0 = Debug|Any CPU
		{8380FA35-42FE-40E5-8931-075189D582B9}.AppStore|x86.ActiveCfg = Debug|Any CPU
		{8380FA35-42FE-40E5-8931-075189D582B9}.AppStore|x86.Build.0 = Debug|Any CPU
		{8380FA35-42FE-40E5-8931-075189D582B9}.Debug|Any CPU.ActiveCfg = Debug|Any CPU
		{8380FA35-42FE-40E5-8931-075189D582B9}.Debug|Any CPU.Build.0 = Debug|Any CPU
		{8380FA35-42FE-40E5-8931-075189D582B9}.Debug|ARM.ActiveCfg = Debug|Any CPU
		{8380FA35-42FE-40E5-8931-075189D582B9}.Debug|ARM.Build.0 = Debug|Any CPU
		{8380FA35-42FE-40E5-8931-075189D582B9}.Debug|iPhone.ActiveCfg = Debug|Any CPU
		{8380FA35-42FE-40E5-8931-075189D582B9}.Debug|iPhone.Build.0 = Debug|Any CPU
		{8380FA35-42FE-40E5-8931-075189D582B9}.Debug|iPhoneSimulator.ActiveCfg = Debug|Any CPU
		{8380FA35-42FE-40E5-8931-075189D582B9}.Debug|iPhoneSimulator.Build.0 = Debug|Any CPU
		{8380FA35-42FE-40E5-8931-075189D582B9}.Debug|x64.ActiveCfg = Debug|Any CPU
		{8380FA35-42FE-40E5-8931-075189D582B9}.Debug|x64.Build.0 = Debug|Any CPU
		{8380FA35-42FE-40E5-8931-075189D582B9}.Debug|x86.ActiveCfg = Debug|Any CPU
		{8380FA35-42FE-40E5-8931-075189D582B9}.Debug|x86.Build.0 = Debug|Any CPU
		{8380FA35-42FE-40E5-8931-075189D582B9}.Release|Any CPU.ActiveCfg = Release|Any CPU
		{8380FA35-42FE-40E5-8931-075189D582B9}.Release|Any CPU.Build.0 = Release|Any CPU
		{8380FA35-42FE-40E5-8931-075189D582B9}.Release|ARM.ActiveCfg = Release|Any CPU
		{8380FA35-42FE-40E5-8931-075189D582B9}.Release|ARM.Build.0 = Release|Any CPU
		{8380FA35-42FE-40E5-8931-075189D582B9}.Release|iPhone.ActiveCfg = Release|Any CPU
		{8380FA35-42FE-40E5-8931-075189D582B9}.Release|iPhone.Build.0 = Release|Any CPU
		{8380FA35-42FE-40E5-8931-075189D582B9}.Release|iPhoneSimulator.ActiveCfg = Release|Any CPU
		{8380FA35-42FE-40E5-8931-075189D582B9}.Release|iPhoneSimulator.Build.0 = Release|Any CPU
		{8380FA35-42FE-40E5-8931-075189D582B9}.Release|x64.ActiveCfg = Release|Any CPU
		{8380FA35-42FE-40E5-8931-075189D582B9}.Release|x64.Build.0 = Release|Any CPU
		{8380FA35-42FE-40E5-8931-075189D582B9}.Release|x86.ActiveCfg = Release|Any CPU
		{8380FA35-42FE-40E5-8931-075189D582B9}.Release|x86.Build.0 = Release|Any CPU
	EndGlobalSection
	GlobalSection(SolutionProperties) = preSolution
		HideSolutionNode = FALSE
	EndGlobalSection
	GlobalSection(NestedProjects) = preSolution
		{4077582F-0B0C-4BF5-B0EB-1C447525FBBA} = {DEED1827-7E7E-40C2-966F-E01D81E96055}
		{F22C501A-7864-42AA-B476-B2096D711E81} = {59C65009-1045-46B3-A000-7D9AEA08E2BE}
		{8380FA35-42FE-40E5-8931-075189D582B9} = {DEED1827-7E7E-40C2-966F-E01D81E96055}
	EndGlobalSection
	GlobalSection(ExtensibilityGlobals) = postSolution
		SolutionGuid = {5EB746DD-ED9D-453B-9268-386BC008960C}
	EndGlobalSection
EndGlobal
