
Microsoft Visual Studio Solution File, Format Version 12.00
# Visual Studio Version 16
VisualStudioVersion = 16.0.29519.87
MinimumVisualStudioVersion = 10.0.40219.1
Project("{FAE04EC0-301F-11D3-BF4B-00C04F79EFBC}") = "YoutubeMusicPlayer.Android", "src\YoutubeMusicPlayer.Android\YoutubeMusicPlayer.Android.csproj", "{1BBCBA2A-0481-4402-B67E-17F92862B873}"
	ProjectSection(ProjectDependencies) = postProject
		{4077582F-0B0C-4BF5-B0EB-1C447525FBBA} = {4077582F-0B0C-4BF5-B0EB-1C447525FBBA}
	EndProjectSection
EndProject
Project("{9A19103F-16F7-4668-BE54-9A1E7A4F7556}") = "YoutubeMusicPlayer", "src\YoutubeMusicPlayer\YoutubeMusicPlayer.csproj", "{4523B2A8-6F23-4A48-9F8C-7A73264DDBD6}"
	ProjectSection(ProjectDependencies) = postProject
		{B47CC450-4948-4EB3-801A-DADD8255D894} = {B47CC450-4948-4EB3-801A-DADD8255D894}
	EndProjectSection
EndProject
Project("{FAE04EC0-301F-11D3-BF4B-00C04F79EFBC}") = "YoutubeMusicPlayer.UWP", "src\YoutubeMusicPlayer.UWP\YoutubeMusicPlayer.UWP.csproj", "{9C70E13A-CE9E-4234-AB52-A4C90266DBE9}"
EndProject
Project("{FAE04EC0-301F-11D3-BF4B-00C04F79EFBC}") = "YoutubeMusicPlayer.iOS", "src\YoutubeMusicPlayer.iOS\YoutubeMusicPlayer.iOS.csproj", "{83455613-C6B7-4797-92D9-DF388659BC08}"
EndProject
Project("{9A19103F-16F7-4668-BE54-9A1E7A4F7556}") = "YoutubeMusicPlayer.Domain", "src\YoutubeMusicPlayer.Domain\YoutubeMusicPlayer.Domain.csproj", "{B47CC450-4948-4EB3-801A-DADD8255D894}"
EndProject
Project("{9A19103F-16F7-4668-BE54-9A1E7A4F7556}") = "YoutubeMusicPlayer.MusicDownloading", "src\YoutubeMusicPlayer.MusicDownloading\YoutubeMusicPlayer.MusicDownloading.csproj", "{4077582F-0B0C-4BF5-B0EB-1C447525FBBA}"
	ProjectSection(ProjectDependencies) = postProject
		{F22C501A-7864-42AA-B476-B2096D711E81} = {F22C501A-7864-42AA-B476-B2096D711E81}
	EndProjectSection
EndProject
Project("{9A19103F-16F7-4668-BE54-9A1E7A4F7556}") = "YoutubeMusicPlayer.Framework", "src\YoutubeMusicPlayer.Framework\YoutubeMusicPlayer.Framework.csproj", "{F22C501A-7864-42AA-B476-B2096D711E81}"
EndProject
Project("{9A19103F-16F7-4668-BE54-9A1E7A4F7556}") = "YoutubeMusicPlayer.MusicDownloading.Tests", "src\YoutubeMusicPlayer.MusicDownloading.Tests\YoutubeMusicPlayer.MusicDownloading.Tests.csproj", "{8380FA35-42FE-40E5-8931-075189D582B9}"
	ProjectSection(ProjectDependencies) = postProject
		{4077582F-0B0C-4BF5-B0EB-1C447525FBBA} = {4077582F-0B0C-4BF5-B0EB-1C447525FBBA}
	EndProjectSection
EndProject
Project("{2150E333-8FDC-42A3-9474-1A3956D46DE8}") = "MusicBrowsing", "MusicBrowsing", "{3BD76B94-4FDA-4417-89C0-28A96162B756}"
EndProject
Project("{9A19103F-16F7-4668-BE54-9A1E7A4F7556}") = "YoutubeMusicPlayer.MusicBrowsing", "src\YoutubeMusicPlayer.MusicBrowsing\YoutubeMusicPlayer.MusicBrowsing.csproj", "{A37BC2B7-6F9F-4E2C-A38D-78FF70A69E8C}"
	ProjectSection(ProjectDependencies) = postProject
		{F22C501A-7864-42AA-B476-B2096D711E81} = {F22C501A-7864-42AA-B476-B2096D711E81}
	EndProjectSection
EndProject
Project("{FAE04EC0-301F-11D3-BF4B-00C04F79EFBC}") = "YoutubeMusicPlayer.IntegrationTests", "src\YoutubeMusicPlayer.IntegrationTests\YoutubeMusicPlayer.IntegrationTests.csproj", "{2B227C1E-1E49-4E03-8621-74D0ADF95D80}"
	ProjectSection(ProjectDependencies) = postProject
		{4077582F-0B0C-4BF5-B0EB-1C447525FBBA} = {4077582F-0B0C-4BF5-B0EB-1C447525FBBA}
	EndProjectSection
EndProject
Project("{2150E333-8FDC-42A3-9474-1A3956D46DE8}") = "MusicDownloading", "MusicDownloading", "{E0ED696A-1C1F-4B70-9EE4-E0FBB5A97DA1}"
EndProject
Project("{2150E333-8FDC-42A3-9474-1A3956D46DE8}") = "MusicPlaying", "MusicPlaying", "{827D80C6-A42D-4940-B86A-D62E5F7B5B89}"
EndProject
Project("{FAE04EC0-301F-11D3-BF4B-00C04F79EFBC}") = "YoutubeMusicPlayer.MusicPlaying", "src\YoutubeMusicPlayer.MusicPlaying\YoutubeMusicPlayer.MusicPlaying.csproj", "{AA839F6C-5F7A-4EBA-AAB4-4B43C9924FC6}"
	ProjectSection(ProjectDependencies) = postProject
		{F22C501A-7864-42AA-B476-B2096D711E81} = {F22C501A-7864-42AA-B476-B2096D711E81}
	EndProjectSection
EndProject
Project("{2150E333-8FDC-42A3-9474-1A3956D46DE8}") = "MusicManagement", "MusicManagement", "{6B80279D-A777-412D-BD32-F8090D0818D7}"
EndProject
Project("{FAE04EC0-301F-11D3-BF4B-00C04F79EFBC}") = "YoutubeMusicPlayer.MusicManagement", "src\YoutubeMusicPlayer.MusicManagement\YoutubeMusicPlayer.MusicManagement.csproj", "{9764B92E-A4C8-4E36-AD27-5DB1E2A53515}"
	ProjectSection(ProjectDependencies) = postProject
		{F22C501A-7864-42AA-B476-B2096D711E81} = {F22C501A-7864-42AA-B476-B2096D711E81}
	EndProjectSection
EndProject
Project("{FAE04EC0-301F-11D3-BF4B-00C04F79EFBC}") = "YoutubeMusicPlayer.MusicManagement.UnitTests", "src\YoutubeMusicPlayer.MusicManagement.UnitTests\YoutubeMusicPlayer.MusicManagement.UnitTests.csproj", "{522D61F2-1FC4-4F46-AC63-FFCFCB3B6DAE}"
EndProject
Global
	GlobalSection(SolutionConfigurationPlatforms) = preSolution
		Ad-Hoc|Any CPU = Ad-Hoc|Any CPU
		Ad-Hoc|ARM = Ad-Hoc|ARM
		Ad-Hoc|iPhone = Ad-Hoc|iPhone
		Ad-Hoc|iPhoneSimulator = Ad-Hoc|iPhoneSimulator
		Ad-Hoc|x64 = Ad-Hoc|x64
		Ad-Hoc|x86 = Ad-Hoc|x86
		AppStore|Any CPU = AppStore|Any CPU
		AppStore|ARM = AppStore|ARM
		AppStore|iPhone = AppStore|iPhone
		AppStore|iPhoneSimulator = AppStore|iPhoneSimulator
		AppStore|x64 = AppStore|x64
		AppStore|x86 = AppStore|x86
		Debug|Any CPU = Debug|Any CPU
		Debug|ARM = Debug|ARM
		Debug|iPhone = Debug|iPhone
		Debug|iPhoneSimulator = Debug|iPhoneSimulator
		Debug|x64 = Debug|x64
		Debug|x86 = Debug|x86
		Release|Any CPU = Release|Any CPU
		Release|ARM = Release|ARM
		Release|iPhone = Release|iPhone
		Release|iPhoneSimulator = Release|iPhoneSimulator
		Release|x64 = Release|x64
		Release|x86 = Release|x86
	EndGlobalSection
	GlobalSection(ProjectConfigurationPlatforms) = postSolution
		{1BBCBA2A-0481-4402-B67E-17F92862B873}.Ad-Hoc|Any CPU.ActiveCfg = Release|Any CPU
		{1BBCBA2A-0481-4402-B67E-17F92862B873}.Ad-Hoc|Any CPU.Build.0 = Release|Any CPU
		{1BBCBA2A-0481-4402-B67E-17F92862B873}.Ad-Hoc|Any CPU.Deploy.0 = Release|Any CPU
		{1BBCBA2A-0481-4402-B67E-17F92862B873}.Ad-Hoc|ARM.ActiveCfg = Release|Any CPU
		{1BBCBA2A-0481-4402-B67E-17F92862B873}.Ad-Hoc|ARM.Build.0 = Release|Any CPU
		{1BBCBA2A-0481-4402-B67E-17F92862B873}.Ad-Hoc|ARM.Deploy.0 = Release|Any CPU
		{1BBCBA2A-0481-4402-B67E-17F92862B873}.Ad-Hoc|iPhone.ActiveCfg = Release|Any CPU
		{1BBCBA2A-0481-4402-B67E-17F92862B873}.Ad-Hoc|iPhone.Build.0 = Release|Any CPU
		{1BBCBA2A-0481-4402-B67E-17F92862B873}.Ad-Hoc|iPhone.Deploy.0 = Release|Any CPU
		{1BBCBA2A-0481-4402-B67E-17F92862B873}.Ad-Hoc|iPhoneSimulator.ActiveCfg = Release|Any CPU
		{1BBCBA2A-0481-4402-B67E-17F92862B873}.Ad-Hoc|iPhoneSimulator.Build.0 = Release|Any CPU
		{1BBCBA2A-0481-4402-B67E-17F92862B873}.Ad-Hoc|iPhoneSimulator.Deploy.0 = Release|Any CPU
		{1BBCBA2A-0481-4402-B67E-17F92862B873}.Ad-Hoc|x64.ActiveCfg = Release|Any CPU
		{1BBCBA2A-0481-4402-B67E-17F92862B873}.Ad-Hoc|x64.Build.0 = Release|Any CPU
		{1BBCBA2A-0481-4402-B67E-17F92862B873}.Ad-Hoc|x64.Deploy.0 = Release|Any CPU
		{1BBCBA2A-0481-4402-B67E-17F92862B873}.Ad-Hoc|x86.ActiveCfg = Release|Any CPU
		{1BBCBA2A-0481-4402-B67E-17F92862B873}.Ad-Hoc|x86.Build.0 = Release|Any CPU
		{1BBCBA2A-0481-4402-B67E-17F92862B873}.Ad-Hoc|x86.Deploy.0 = Release|Any CPU
		{1BBCBA2A-0481-4402-B67E-17F92862B873}.AppStore|Any CPU.ActiveCfg = Release|Any CPU
		{1BBCBA2A-0481-4402-B67E-17F92862B873}.AppStore|Any CPU.Build.0 = Release|Any CPU
		{1BBCBA2A-0481-4402-B67E-17F92862B873}.AppStore|Any CPU.Deploy.0 = Release|Any CPU
		{1BBCBA2A-0481-4402-B67E-17F92862B873}.AppStore|ARM.ActiveCfg = Release|Any CPU
		{1BBCBA2A-0481-4402-B67E-17F92862B873}.AppStore|ARM.Build.0 = Release|Any CPU
		{1BBCBA2A-0481-4402-B67E-17F92862B873}.AppStore|ARM.Deploy.0 = Release|Any CPU
		{1BBCBA2A-0481-4402-B67E-17F92862B873}.AppStore|iPhone.ActiveCfg = Release|Any CPU
		{1BBCBA2A-0481-4402-B67E-17F92862B873}.AppStore|iPhone.Build.0 = Release|Any CPU
		{1BBCBA2A-0481-4402-B67E-17F92862B873}.AppStore|iPhone.Deploy.0 = Release|Any CPU
		{1BBCBA2A-0481-4402-B67E-17F92862B873}.AppStore|iPhoneSimulator.ActiveCfg = Release|Any CPU
		{1BBCBA2A-0481-4402-B67E-17F92862B873}.AppStore|iPhoneSimulator.Build.0 = Release|Any CPU
		{1BBCBA2A-0481-4402-B67E-17F92862B873}.AppStore|iPhoneSimulator.Deploy.0 = Release|Any CPU
		{1BBCBA2A-0481-4402-B67E-17F92862B873}.AppStore|x64.ActiveCfg = Release|Any CPU
		{1BBCBA2A-0481-4402-B67E-17F92862B873}.AppStore|x64.Build.0 = Release|Any CPU
		{1BBCBA2A-0481-4402-B67E-17F92862B873}.AppStore|x64.Deploy.0 = Release|Any CPU
		{1BBCBA2A-0481-4402-B67E-17F92862B873}.AppStore|x86.ActiveCfg = Release|Any CPU
		{1BBCBA2A-0481-4402-B67E-17F92862B873}.AppStore|x86.Build.0 = Release|Any CPU
		{1BBCBA2A-0481-4402-B67E-17F92862B873}.AppStore|x86.Deploy.0 = Release|Any CPU
		{1BBCBA2A-0481-4402-B67E-17F92862B873}.Debug|Any CPU.ActiveCfg = Debug|Any CPU
		{1BBCBA2A-0481-4402-B67E-17F92862B873}.Debug|Any CPU.Build.0 = Debug|Any CPU
		{1BBCBA2A-0481-4402-B67E-17F92862B873}.Debug|Any CPU.Deploy.0 = Debug|Any CPU
		{1BBCBA2A-0481-4402-B67E-17F92862B873}.Debug|ARM.ActiveCfg = Debug|Any CPU
		{1BBCBA2A-0481-4402-B67E-17F92862B873}.Debug|ARM.Build.0 = Debug|Any CPU
		{1BBCBA2A-0481-4402-B67E-17F92862B873}.Debug|ARM.Deploy.0 = Debug|Any CPU
		{1BBCBA2A-0481-4402-B67E-17F92862B873}.Debug|iPhone.ActiveCfg = Debug|Any CPU
		{1BBCBA2A-0481-4402-B67E-17F92862B873}.Debug|iPhone.Build.0 = Debug|Any CPU
		{1BBCBA2A-0481-4402-B67E-17F92862B873}.Debug|iPhone.Deploy.0 = Debug|Any CPU
		{1BBCBA2A-0481-4402-B67E-17F92862B873}.Debug|iPhoneSimulator.ActiveCfg = Debug|Any CPU
		{1BBCBA2A-0481-4402-B67E-17F92862B873}.Debug|iPhoneSimulator.Build.0 = Debug|Any CPU
		{1BBCBA2A-0481-4402-B67E-17F92862B873}.Debug|iPhoneSimulator.Deploy.0 = Debug|Any CPU
		{1BBCBA2A-0481-4402-B67E-17F92862B873}.Debug|x64.ActiveCfg = Debug|Any CPU
		{1BBCBA2A-0481-4402-B67E-17F92862B873}.Debug|x64.Build.0 = Debug|Any CPU
		{1BBCBA2A-0481-4402-B67E-17F92862B873}.Debug|x64.Deploy.0 = Debug|Any CPU
		{1BBCBA2A-0481-4402-B67E-17F92862B873}.Debug|x86.ActiveCfg = Debug|Any CPU
		{1BBCBA2A-0481-4402-B67E-17F92862B873}.Debug|x86.Build.0 = Debug|Any CPU
		{1BBCBA2A-0481-4402-B67E-17F92862B873}.Debug|x86.Deploy.0 = Debug|Any CPU
		{1BBCBA2A-0481-4402-B67E-17F92862B873}.Release|Any CPU.ActiveCfg = Release|Any CPU
		{1BBCBA2A-0481-4402-B67E-17F92862B873}.Release|Any CPU.Build.0 = Release|Any CPU
		{1BBCBA2A-0481-4402-B67E-17F92862B873}.Release|Any CPU.Deploy.0 = Release|Any CPU
		{1BBCBA2A-0481-4402-B67E-17F92862B873}.Release|ARM.ActiveCfg = Release|Any CPU
		{1BBCBA2A-0481-4402-B67E-17F92862B873}.Release|ARM.Build.0 = Release|Any CPU
		{1BBCBA2A-0481-4402-B67E-17F92862B873}.Release|ARM.Deploy.0 = Release|Any CPU
		{1BBCBA2A-0481-4402-B67E-17F92862B873}.Release|iPhone.ActiveCfg = Release|Any CPU
		{1BBCBA2A-0481-4402-B67E-17F92862B873}.Release|iPhone.Build.0 = Release|Any CPU
		{1BBCBA2A-0481-4402-B67E-17F92862B873}.Release|iPhone.Deploy.0 = Release|Any CPU
		{1BBCBA2A-0481-4402-B67E-17F92862B873}.Release|iPhoneSimulator.ActiveCfg = Release|Any CPU
		{1BBCBA2A-0481-4402-B67E-17F92862B873}.Release|iPhoneSimulator.Build.0 = Release|Any CPU
		{1BBCBA2A-0481-4402-B67E-17F92862B873}.Release|iPhoneSimulator.Deploy.0 = Release|Any CPU
		{1BBCBA2A-0481-4402-B67E-17F92862B873}.Release|x64.ActiveCfg = Release|Any CPU
		{1BBCBA2A-0481-4402-B67E-17F92862B873}.Release|x64.Build.0 = Release|Any CPU
		{1BBCBA2A-0481-4402-B67E-17F92862B873}.Release|x64.Deploy.0 = Release|Any CPU
		{1BBCBA2A-0481-4402-B67E-17F92862B873}.Release|x86.ActiveCfg = Release|Any CPU
		{1BBCBA2A-0481-4402-B67E-17F92862B873}.Release|x86.Build.0 = Release|Any CPU
		{1BBCBA2A-0481-4402-B67E-17F92862B873}.Release|x86.Deploy.0 = Release|Any CPU
		{4523B2A8-6F23-4A48-9F8C-7A73264DDBD6}.Ad-Hoc|Any CPU.ActiveCfg = Release|Any CPU
		{4523B2A8-6F23-4A48-9F8C-7A73264DDBD6}.Ad-Hoc|Any CPU.Build.0 = Release|Any CPU
		{4523B2A8-6F23-4A48-9F8C-7A73264DDBD6}.Ad-Hoc|ARM.ActiveCfg = Release|Any CPU
		{4523B2A8-6F23-4A48-9F8C-7A73264DDBD6}.Ad-Hoc|ARM.Build.0 = Release|Any CPU
		{4523B2A8-6F23-4A48-9F8C-7A73264DDBD6}.Ad-Hoc|iPhone.ActiveCfg = Release|Any CPU
		{4523B2A8-6F23-4A48-9F8C-7A73264DDBD6}.Ad-Hoc|iPhone.Build.0 = Release|Any CPU
		{4523B2A8-6F23-4A48-9F8C-7A73264DDBD6}.Ad-Hoc|iPhoneSimulator.ActiveCfg = Release|Any CPU
		{4523B2A8-6F23-4A48-9F8C-7A73264DDBD6}.Ad-Hoc|iPhoneSimulator.Build.0 = Release|Any CPU
		{4523B2A8-6F23-4A48-9F8C-7A73264DDBD6}.Ad-Hoc|x64.ActiveCfg = Release|Any CPU
		{4523B2A8-6F23-4A48-9F8C-7A73264DDBD6}.Ad-Hoc|x64.Build.0 = Release|Any CPU
		{4523B2A8-6F23-4A48-9F8C-7A73264DDBD6}.Ad-Hoc|x86.ActiveCfg = Release|Any CPU
		{4523B2A8-6F23-4A48-9F8C-7A73264DDBD6}.Ad-Hoc|x86.Build.0 = Release|Any CPU
		{4523B2A8-6F23-4A48-9F8C-7A73264DDBD6}.AppStore|Any CPU.ActiveCfg = Release|Any CPU
		{4523B2A8-6F23-4A48-9F8C-7A73264DDBD6}.AppStore|Any CPU.Build.0 = Release|Any CPU
		{4523B2A8-6F23-4A48-9F8C-7A73264DDBD6}.AppStore|ARM.ActiveCfg = Release|Any CPU
		{4523B2A8-6F23-4A48-9F8C-7A73264DDBD6}.AppStore|ARM.Build.0 = Release|Any CPU
		{4523B2A8-6F23-4A48-9F8C-7A73264DDBD6}.AppStore|iPhone.ActiveCfg = Release|Any CPU
		{4523B2A8-6F23-4A48-9F8C-7A73264DDBD6}.AppStore|iPhone.Build.0 = Release|Any CPU
		{4523B2A8-6F23-4A48-9F8C-7A73264DDBD6}.AppStore|iPhoneSimulator.ActiveCfg = Release|Any CPU
		{4523B2A8-6F23-4A48-9F8C-7A73264DDBD6}.AppStore|iPhoneSimulator.Build.0 = Release|Any CPU
		{4523B2A8-6F23-4A48-9F8C-7A73264DDBD6}.AppStore|x64.ActiveCfg = Release|Any CPU
		{4523B2A8-6F23-4A48-9F8C-7A73264DDBD6}.AppStore|x64.Build.0 = Release|Any CPU
		{4523B2A8-6F23-4A48-9F8C-7A73264DDBD6}.AppStore|x86.ActiveCfg = Release|Any CPU
		{4523B2A8-6F23-4A48-9F8C-7A73264DDBD6}.AppStore|x86.Build.0 = Release|Any CPU
		{4523B2A8-6F23-4A48-9F8C-7A73264DDBD6}.Debug|Any CPU.ActiveCfg = Debug|Any CPU
		{4523B2A8-6F23-4A48-9F8C-7A73264DDBD6}.Debug|Any CPU.Build.0 = Debug|Any CPU
		{4523B2A8-6F23-4A48-9F8C-7A73264DDBD6}.Debug|ARM.ActiveCfg = Debug|Any CPU
		{4523B2A8-6F23-4A48-9F8C-7A73264DDBD6}.Debug|ARM.Build.0 = Debug|Any CPU
		{4523B2A8-6F23-4A48-9F8C-7A73264DDBD6}.Debug|iPhone.ActiveCfg = Debug|Any CPU
		{4523B2A8-6F23-4A48-9F8C-7A73264DDBD6}.Debug|iPhone.Build.0 = Debug|Any CPU
		{4523B2A8-6F23-4A48-9F8C-7A73264DDBD6}.Debug|iPhoneSimulator.ActiveCfg = Debug|Any CPU
		{4523B2A8-6F23-4A48-9F8C-7A73264DDBD6}.Debug|iPhoneSimulator.Build.0 = Debug|Any CPU
		{4523B2A8-6F23-4A48-9F8C-7A73264DDBD6}.Debug|x64.ActiveCfg = Debug|Any CPU
		{4523B2A8-6F23-4A48-9F8C-7A73264DDBD6}.Debug|x64.Build.0 = Debug|Any CPU
		{4523B2A8-6F23-4A48-9F8C-7A73264DDBD6}.Debug|x86.ActiveCfg = Debug|Any CPU
		{4523B2A8-6F23-4A48-9F8C-7A73264DDBD6}.Debug|x86.Build.0 = Debug|Any CPU
		{4523B2A8-6F23-4A48-9F8C-7A73264DDBD6}.Release|Any CPU.ActiveCfg = Release|Any CPU
		{4523B2A8-6F23-4A48-9F8C-7A73264DDBD6}.Release|Any CPU.Build.0 = Release|Any CPU
		{4523B2A8-6F23-4A48-9F8C-7A73264DDBD6}.Release|ARM.ActiveCfg = Release|Any CPU
		{4523B2A8-6F23-4A48-9F8C-7A73264DDBD6}.Release|ARM.Build.0 = Release|Any CPU
		{4523B2A8-6F23-4A48-9F8C-7A73264DDBD6}.Release|iPhone.ActiveCfg = Release|Any CPU
		{4523B2A8-6F23-4A48-9F8C-7A73264DDBD6}.Release|iPhone.Build.0 = Release|Any CPU
		{4523B2A8-6F23-4A48-9F8C-7A73264DDBD6}.Release|iPhoneSimulator.ActiveCfg = Release|Any CPU
		{4523B2A8-6F23-4A48-9F8C-7A73264DDBD6}.Release|iPhoneSimulator.Build.0 = Release|Any CPU
		{4523B2A8-6F23-4A48-9F8C-7A73264DDBD6}.Release|x64.ActiveCfg = Release|Any CPU
		{4523B2A8-6F23-4A48-9F8C-7A73264DDBD6}.Release|x64.Build.0 = Release|Any CPU
		{4523B2A8-6F23-4A48-9F8C-7A73264DDBD6}.Release|x86.ActiveCfg = Release|Any CPU
		{4523B2A8-6F23-4A48-9F8C-7A73264DDBD6}.Release|x86.Build.0 = Release|Any CPU
		{9C70E13A-CE9E-4234-AB52-A4C90266DBE9}.Ad-Hoc|Any CPU.ActiveCfg = Release|x86
		{9C70E13A-CE9E-4234-AB52-A4C90266DBE9}.Ad-Hoc|Any CPU.Build.0 = Release|x86
		{9C70E13A-CE9E-4234-AB52-A4C90266DBE9}.Ad-Hoc|Any CPU.Deploy.0 = Release|x86
		{9C70E13A-CE9E-4234-AB52-A4C90266DBE9}.Ad-Hoc|ARM.ActiveCfg = Release|ARM
		{9C70E13A-CE9E-4234-AB52-A4C90266DBE9}.Ad-Hoc|ARM.Build.0 = Release|ARM
		{9C70E13A-CE9E-4234-AB52-A4C90266DBE9}.Ad-Hoc|ARM.Deploy.0 = Release|ARM
		{9C70E13A-CE9E-4234-AB52-A4C90266DBE9}.Ad-Hoc|iPhone.ActiveCfg = Release|x86
		{9C70E13A-CE9E-4234-AB52-A4C90266DBE9}.Ad-Hoc|iPhone.Build.0 = Release|x86
		{9C70E13A-CE9E-4234-AB52-A4C90266DBE9}.Ad-Hoc|iPhone.Deploy.0 = Release|x86
		{9C70E13A-CE9E-4234-AB52-A4C90266DBE9}.Ad-Hoc|iPhoneSimulator.ActiveCfg = Release|x86
		{9C70E13A-CE9E-4234-AB52-A4C90266DBE9}.Ad-Hoc|iPhoneSimulator.Build.0 = Release|x86
		{9C70E13A-CE9E-4234-AB52-A4C90266DBE9}.Ad-Hoc|iPhoneSimulator.Deploy.0 = Release|x86
		{9C70E13A-CE9E-4234-AB52-A4C90266DBE9}.Ad-Hoc|x64.ActiveCfg = Release|x64
		{9C70E13A-CE9E-4234-AB52-A4C90266DBE9}.Ad-Hoc|x64.Build.0 = Release|x64
		{9C70E13A-CE9E-4234-AB52-A4C90266DBE9}.Ad-Hoc|x64.Deploy.0 = Release|x64
		{9C70E13A-CE9E-4234-AB52-A4C90266DBE9}.Ad-Hoc|x86.ActiveCfg = Release|x86
		{9C70E13A-CE9E-4234-AB52-A4C90266DBE9}.Ad-Hoc|x86.Build.0 = Release|x86
		{9C70E13A-CE9E-4234-AB52-A4C90266DBE9}.Ad-Hoc|x86.Deploy.0 = Release|x86
		{9C70E13A-CE9E-4234-AB52-A4C90266DBE9}.AppStore|Any CPU.ActiveCfg = Release|x86
		{9C70E13A-CE9E-4234-AB52-A4C90266DBE9}.AppStore|Any CPU.Build.0 = Release|x86
		{9C70E13A-CE9E-4234-AB52-A4C90266DBE9}.AppStore|Any CPU.Deploy.0 = Release|x86
		{9C70E13A-CE9E-4234-AB52-A4C90266DBE9}.AppStore|ARM.ActiveCfg = Release|ARM
		{9C70E13A-CE9E-4234-AB52-A4C90266DBE9}.AppStore|ARM.Build.0 = Release|ARM
		{9C70E13A-CE9E-4234-AB52-A4C90266DBE9}.AppStore|ARM.Deploy.0 = Release|ARM
		{9C70E13A-CE9E-4234-AB52-A4C90266DBE9}.AppStore|iPhone.ActiveCfg = Release|x86
		{9C70E13A-CE9E-4234-AB52-A4C90266DBE9}.AppStore|iPhone.Build.0 = Release|x86
		{9C70E13A-CE9E-4234-AB52-A4C90266DBE9}.AppStore|iPhone.Deploy.0 = Release|x86
		{9C70E13A-CE9E-4234-AB52-A4C90266DBE9}.AppStore|iPhoneSimulator.ActiveCfg = Release|x86
		{9C70E13A-CE9E-4234-AB52-A4C90266DBE9}.AppStore|iPhoneSimulator.Build.0 = Release|x86
		{9C70E13A-CE9E-4234-AB52-A4C90266DBE9}.AppStore|iPhoneSimulator.Deploy.0 = Release|x86
		{9C70E13A-CE9E-4234-AB52-A4C90266DBE9}.AppStore|x64.ActiveCfg = Release|x64
		{9C70E13A-CE9E-4234-AB52-A4C90266DBE9}.AppStore|x64.Build.0 = Release|x64
		{9C70E13A-CE9E-4234-AB52-A4C90266DBE9}.AppStore|x64.Deploy.0 = Release|x64
		{9C70E13A-CE9E-4234-AB52-A4C90266DBE9}.AppStore|x86.ActiveCfg = Release|x86
		{9C70E13A-CE9E-4234-AB52-A4C90266DBE9}.AppStore|x86.Build.0 = Release|x86
		{9C70E13A-CE9E-4234-AB52-A4C90266DBE9}.AppStore|x86.Deploy.0 = Release|x86
		{9C70E13A-CE9E-4234-AB52-A4C90266DBE9}.Debug|Any CPU.ActiveCfg = Debug|x86
		{9C70E13A-CE9E-4234-AB52-A4C90266DBE9}.Debug|ARM.ActiveCfg = Debug|ARM
		{9C70E13A-CE9E-4234-AB52-A4C90266DBE9}.Debug|ARM.Build.0 = Debug|ARM
		{9C70E13A-CE9E-4234-AB52-A4C90266DBE9}.Debug|ARM.Deploy.0 = Debug|ARM
		{9C70E13A-CE9E-4234-AB52-A4C90266DBE9}.Debug|iPhone.ActiveCfg = Debug|x86
		{9C70E13A-CE9E-4234-AB52-A4C90266DBE9}.Debug|iPhoneSimulator.ActiveCfg = Debug|x86
		{9C70E13A-CE9E-4234-AB52-A4C90266DBE9}.Debug|x64.ActiveCfg = Debug|x64
		{9C70E13A-CE9E-4234-AB52-A4C90266DBE9}.Debug|x64.Build.0 = Debug|x64
		{9C70E13A-CE9E-4234-AB52-A4C90266DBE9}.Debug|x64.Deploy.0 = Debug|x64
		{9C70E13A-CE9E-4234-AB52-A4C90266DBE9}.Debug|x86.ActiveCfg = Debug|x86
		{9C70E13A-CE9E-4234-AB52-A4C90266DBE9}.Debug|x86.Build.0 = Debug|x86
		{9C70E13A-CE9E-4234-AB52-A4C90266DBE9}.Debug|x86.Deploy.0 = Debug|x86
		{9C70E13A-CE9E-4234-AB52-A4C90266DBE9}.Release|Any CPU.ActiveCfg = Release|x86
		{9C70E13A-CE9E-4234-AB52-A4C90266DBE9}.Release|ARM.ActiveCfg = Release|ARM
		{9C70E13A-CE9E-4234-AB52-A4C90266DBE9}.Release|ARM.Build.0 = Release|ARM
		{9C70E13A-CE9E-4234-AB52-A4C90266DBE9}.Release|ARM.Deploy.0 = Release|ARM
		{9C70E13A-CE9E-4234-AB52-A4C90266DBE9}.Release|iPhone.ActiveCfg = Release|x86
		{9C70E13A-CE9E-4234-AB52-A4C90266DBE9}.Release|iPhoneSimulator.ActiveCfg = Release|x86
		{9C70E13A-CE9E-4234-AB52-A4C90266DBE9}.Release|x64.ActiveCfg = Release|x64
		{9C70E13A-CE9E-4234-AB52-A4C90266DBE9}.Release|x64.Build.0 = Release|x64
		{9C70E13A-CE9E-4234-AB52-A4C90266DBE9}.Release|x64.Deploy.0 = Release|x64
		{9C70E13A-CE9E-4234-AB52-A4C90266DBE9}.Release|x86.ActiveCfg = Release|x86
		{9C70E13A-CE9E-4234-AB52-A4C90266DBE9}.Release|x86.Build.0 = Release|x86
		{9C70E13A-CE9E-4234-AB52-A4C90266DBE9}.Release|x86.Deploy.0 = Release|x86
		{83455613-C6B7-4797-92D9-DF388659BC08}.Ad-Hoc|Any CPU.ActiveCfg = Ad-Hoc|iPhone
		{83455613-C6B7-4797-92D9-DF388659BC08}.Ad-Hoc|ARM.ActiveCfg = Ad-Hoc|iPhone
		{83455613-C6B7-4797-92D9-DF388659BC08}.Ad-Hoc|iPhone.ActiveCfg = Ad-Hoc|iPhone
		{83455613-C6B7-4797-92D9-DF388659BC08}.Ad-Hoc|iPhone.Build.0 = Ad-Hoc|iPhone
		{83455613-C6B7-4797-92D9-DF388659BC08}.Ad-Hoc|iPhoneSimulator.ActiveCfg = Ad-Hoc|iPhoneSimulator
		{83455613-C6B7-4797-92D9-DF388659BC08}.Ad-Hoc|iPhoneSimulator.Build.0 = Ad-Hoc|iPhoneSimulator
		{83455613-C6B7-4797-92D9-DF388659BC08}.Ad-Hoc|x64.ActiveCfg = Ad-Hoc|iPhone
		{83455613-C6B7-4797-92D9-DF388659BC08}.Ad-Hoc|x86.ActiveCfg = Ad-Hoc|iPhone
		{83455613-C6B7-4797-92D9-DF388659BC08}.AppStore|Any CPU.ActiveCfg = AppStore|iPhone
		{83455613-C6B7-4797-92D9-DF388659BC08}.AppStore|ARM.ActiveCfg = AppStore|iPhone
		{83455613-C6B7-4797-92D9-DF388659BC08}.AppStore|iPhone.ActiveCfg = AppStore|iPhone
		{83455613-C6B7-4797-92D9-DF388659BC08}.AppStore|iPhone.Build.0 = AppStore|iPhone
		{83455613-C6B7-4797-92D9-DF388659BC08}.AppStore|iPhoneSimulator.ActiveCfg = AppStore|iPhoneSimulator
		{83455613-C6B7-4797-92D9-DF388659BC08}.AppStore|iPhoneSimulator.Build.0 = AppStore|iPhoneSimulator
		{83455613-C6B7-4797-92D9-DF388659BC08}.AppStore|x64.ActiveCfg = AppStore|iPhone
		{83455613-C6B7-4797-92D9-DF388659BC08}.AppStore|x86.ActiveCfg = AppStore|iPhone
		{83455613-C6B7-4797-92D9-DF388659BC08}.Debug|Any CPU.ActiveCfg = Debug|iPhone
		{83455613-C6B7-4797-92D9-DF388659BC08}.Debug|ARM.ActiveCfg = Debug|iPhone
		{83455613-C6B7-4797-92D9-DF388659BC08}.Debug|iPhone.ActiveCfg = Debug|iPhone
		{83455613-C6B7-4797-92D9-DF388659BC08}.Debug|iPhone.Build.0 = Debug|iPhone
		{83455613-C6B7-4797-92D9-DF388659BC08}.Debug|iPhoneSimulator.ActiveCfg = Debug|iPhoneSimulator
		{83455613-C6B7-4797-92D9-DF388659BC08}.Debug|iPhoneSimulator.Build.0 = Debug|iPhoneSimulator
		{83455613-C6B7-4797-92D9-DF388659BC08}.Debug|x64.ActiveCfg = Debug|iPhone
		{83455613-C6B7-4797-92D9-DF388659BC08}.Debug|x86.ActiveCfg = Debug|iPhone
		{83455613-C6B7-4797-92D9-DF388659BC08}.Release|Any CPU.ActiveCfg = Release|iPhone
		{83455613-C6B7-4797-92D9-DF388659BC08}.Release|ARM.ActiveCfg = Release|iPhone
		{83455613-C6B7-4797-92D9-DF388659BC08}.Release|iPhone.ActiveCfg = Release|iPhone
		{83455613-C6B7-4797-92D9-DF388659BC08}.Release|iPhone.Build.0 = Release|iPhone
		{83455613-C6B7-4797-92D9-DF388659BC08}.Release|iPhoneSimulator.ActiveCfg = Release|iPhoneSimulator
		{83455613-C6B7-4797-92D9-DF388659BC08}.Release|iPhoneSimulator.Build.0 = Release|iPhoneSimulator
		{83455613-C6B7-4797-92D9-DF388659BC08}.Release|x64.ActiveCfg = Release|iPhone
		{83455613-C6B7-4797-92D9-DF388659BC08}.Release|x86.ActiveCfg = Release|iPhone
		{B47CC450-4948-4EB3-801A-DADD8255D894}.Ad-Hoc|Any CPU.ActiveCfg = Debug|Any CPU
		{B47CC450-4948-4EB3-801A-DADD8255D894}.Ad-Hoc|Any CPU.Build.0 = Debug|Any CPU
		{B47CC450-4948-4EB3-801A-DADD8255D894}.Ad-Hoc|ARM.ActiveCfg = Debug|Any CPU
		{B47CC450-4948-4EB3-801A-DADD8255D894}.Ad-Hoc|ARM.Build.0 = Debug|Any CPU
		{B47CC450-4948-4EB3-801A-DADD8255D894}.Ad-Hoc|iPhone.ActiveCfg = Debug|Any CPU
		{B47CC450-4948-4EB3-801A-DADD8255D894}.Ad-Hoc|iPhone.Build.0 = Debug|Any CPU
		{B47CC450-4948-4EB3-801A-DADD8255D894}.Ad-Hoc|iPhoneSimulator.ActiveCfg = Debug|Any CPU
		{B47CC450-4948-4EB3-801A-DADD8255D894}.Ad-Hoc|iPhoneSimulator.Build.0 = Debug|Any CPU
		{B47CC450-4948-4EB3-801A-DADD8255D894}.Ad-Hoc|x64.ActiveCfg = Debug|Any CPU
		{B47CC450-4948-4EB3-801A-DADD8255D894}.Ad-Hoc|x64.Build.0 = Debug|Any CPU
		{B47CC450-4948-4EB3-801A-DADD8255D894}.Ad-Hoc|x86.ActiveCfg = Debug|Any CPU
		{B47CC450-4948-4EB3-801A-DADD8255D894}.Ad-Hoc|x86.Build.0 = Debug|Any CPU
		{B47CC450-4948-4EB3-801A-DADD8255D894}.AppStore|Any CPU.ActiveCfg = Debug|Any CPU
		{B47CC450-4948-4EB3-801A-DADD8255D894}.AppStore|Any CPU.Build.0 = Debug|Any CPU
		{B47CC450-4948-4EB3-801A-DADD8255D894}.AppStore|ARM.ActiveCfg = Debug|Any CPU
		{B47CC450-4948-4EB3-801A-DADD8255D894}.AppStore|ARM.Build.0 = Debug|Any CPU
		{B47CC450-4948-4EB3-801A-DADD8255D894}.AppStore|iPhone.ActiveCfg = Debug|Any CPU
		{B47CC450-4948-4EB3-801A-DADD8255D894}.AppStore|iPhone.Build.0 = Debug|Any CPU
		{B47CC450-4948-4EB3-801A-DADD8255D894}.AppStore|iPhoneSimulator.ActiveCfg = Debug|Any CPU
		{B47CC450-4948-4EB3-801A-DADD8255D894}.AppStore|iPhoneSimulator.Build.0 = Debug|Any CPU
		{B47CC450-4948-4EB3-801A-DADD8255D894}.AppStore|x64.ActiveCfg = Debug|Any CPU
		{B47CC450-4948-4EB3-801A-DADD8255D894}.AppStore|x64.Build.0 = Debug|Any CPU
		{B47CC450-4948-4EB3-801A-DADD8255D894}.AppStore|x86.ActiveCfg = Debug|Any CPU
		{B47CC450-4948-4EB3-801A-DADD8255D894}.AppStore|x86.Build.0 = Debug|Any CPU
		{B47CC450-4948-4EB3-801A-DADD8255D894}.Debug|Any CPU.ActiveCfg = Debug|Any CPU
		{B47CC450-4948-4EB3-801A-DADD8255D894}.Debug|Any CPU.Build.0 = Debug|Any CPU
		{B47CC450-4948-4EB3-801A-DADD8255D894}.Debug|ARM.ActiveCfg = Debug|Any CPU
		{B47CC450-4948-4EB3-801A-DADD8255D894}.Debug|ARM.Build.0 = Debug|Any CPU
		{B47CC450-4948-4EB3-801A-DADD8255D894}.Debug|iPhone.ActiveCfg = Debug|Any CPU
		{B47CC450-4948-4EB3-801A-DADD8255D894}.Debug|iPhone.Build.0 = Debug|Any CPU
		{B47CC450-4948-4EB3-801A-DADD8255D894}.Debug|iPhoneSimulator.ActiveCfg = Debug|Any CPU
		{B47CC450-4948-4EB3-801A-DADD8255D894}.Debug|iPhoneSimulator.Build.0 = Debug|Any CPU
		{B47CC450-4948-4EB3-801A-DADD8255D894}.Debug|x64.ActiveCfg = Debug|Any CPU
		{B47CC450-4948-4EB3-801A-DADD8255D894}.Debug|x64.Build.0 = Debug|Any CPU
		{B47CC450-4948-4EB3-801A-DADD8255D894}.Debug|x86.ActiveCfg = Debug|Any CPU
		{B47CC450-4948-4EB3-801A-DADD8255D894}.Debug|x86.Build.0 = Debug|Any CPU
		{B47CC450-4948-4EB3-801A-DADD8255D894}.Release|Any CPU.ActiveCfg = Release|Any CPU
		{B47CC450-4948-4EB3-801A-DADD8255D894}.Release|Any CPU.Build.0 = Release|Any CPU
		{B47CC450-4948-4EB3-801A-DADD8255D894}.Release|ARM.ActiveCfg = Release|Any CPU
		{B47CC450-4948-4EB3-801A-DADD8255D894}.Release|ARM.Build.0 = Release|Any CPU
		{B47CC450-4948-4EB3-801A-DADD8255D894}.Release|iPhone.ActiveCfg = Release|Any CPU
		{B47CC450-4948-4EB3-801A-DADD8255D894}.Release|iPhone.Build.0 = Release|Any CPU
		{B47CC450-4948-4EB3-801A-DADD8255D894}.Release|iPhoneSimulator.ActiveCfg = Release|Any CPU
		{B47CC450-4948-4EB3-801A-DADD8255D894}.Release|iPhoneSimulator.Build.0 = Release|Any CPU
		{B47CC450-4948-4EB3-801A-DADD8255D894}.Release|x64.ActiveCfg = Release|Any CPU
		{B47CC450-4948-4EB3-801A-DADD8255D894}.Release|x64.Build.0 = Release|Any CPU
		{B47CC450-4948-4EB3-801A-DADD8255D894}.Release|x86.ActiveCfg = Release|Any CPU
		{B47CC450-4948-4EB3-801A-DADD8255D894}.Release|x86.Build.0 = Release|Any CPU
		{4077582F-0B0C-4BF5-B0EB-1C447525FBBA}.Ad-Hoc|Any CPU.ActiveCfg = Debug|Any CPU
		{4077582F-0B0C-4BF5-B0EB-1C447525FBBA}.Ad-Hoc|Any CPU.Build.0 = Debug|Any CPU
		{4077582F-0B0C-4BF5-B0EB-1C447525FBBA}.Ad-Hoc|ARM.ActiveCfg = Debug|Any CPU
		{4077582F-0B0C-4BF5-B0EB-1C447525FBBA}.Ad-Hoc|ARM.Build.0 = Debug|Any CPU
		{4077582F-0B0C-4BF5-B0EB-1C447525FBBA}.Ad-Hoc|iPhone.ActiveCfg = Debug|Any CPU
		{4077582F-0B0C-4BF5-B0EB-1C447525FBBA}.Ad-Hoc|iPhone.Build.0 = Debug|Any CPU
		{4077582F-0B0C-4BF5-B0EB-1C447525FBBA}.Ad-Hoc|iPhoneSimulator.ActiveCfg = Debug|Any CPU
		{4077582F-0B0C-4BF5-B0EB-1C447525FBBA}.Ad-Hoc|iPhoneSimulator.Build.0 = Debug|Any CPU
		{4077582F-0B0C-4BF5-B0EB-1C447525FBBA}.Ad-Hoc|x64.ActiveCfg = Debug|Any CPU
		{4077582F-0B0C-4BF5-B0EB-1C447525FBBA}.Ad-Hoc|x64.Build.0 = Debug|Any CPU
		{4077582F-0B0C-4BF5-B0EB-1C447525FBBA}.Ad-Hoc|x86.ActiveCfg = Debug|Any CPU
		{4077582F-0B0C-4BF5-B0EB-1C447525FBBA}.Ad-Hoc|x86.Build.0 = Debug|Any CPU
		{4077582F-0B0C-4BF5-B0EB-1C447525FBBA}.AppStore|Any CPU.ActiveCfg = Debug|Any CPU
		{4077582F-0B0C-4BF5-B0EB-1C447525FBBA}.AppStore|Any CPU.Build.0 = Debug|Any CPU
		{4077582F-0B0C-4BF5-B0EB-1C447525FBBA}.AppStore|ARM.ActiveCfg = Debug|Any CPU
		{4077582F-0B0C-4BF5-B0EB-1C447525FBBA}.AppStore|ARM.Build.0 = Debug|Any CPU
		{4077582F-0B0C-4BF5-B0EB-1C447525FBBA}.AppStore|iPhone.ActiveCfg = Debug|Any CPU
		{4077582F-0B0C-4BF5-B0EB-1C447525FBBA}.AppStore|iPhone.Build.0 = Debug|Any CPU
		{4077582F-0B0C-4BF5-B0EB-1C447525FBBA}.AppStore|iPhoneSimulator.ActiveCfg = Debug|Any CPU
		{4077582F-0B0C-4BF5-B0EB-1C447525FBBA}.AppStore|iPhoneSimulator.Build.0 = Debug|Any CPU
		{4077582F-0B0C-4BF5-B0EB-1C447525FBBA}.AppStore|x64.ActiveCfg = Debug|Any CPU
		{4077582F-0B0C-4BF5-B0EB-1C447525FBBA}.AppStore|x64.Build.0 = Debug|Any CPU
		{4077582F-0B0C-4BF5-B0EB-1C447525FBBA}.AppStore|x86.ActiveCfg = Debug|Any CPU
		{4077582F-0B0C-4BF5-B0EB-1C447525FBBA}.AppStore|x86.Build.0 = Debug|Any CPU
		{4077582F-0B0C-4BF5-B0EB-1C447525FBBA}.Debug|Any CPU.ActiveCfg = Debug|Any CPU
		{4077582F-0B0C-4BF5-B0EB-1C447525FBBA}.Debug|Any CPU.Build.0 = Debug|Any CPU
		{4077582F-0B0C-4BF5-B0EB-1C447525FBBA}.Debug|ARM.ActiveCfg = Debug|Any CPU
		{4077582F-0B0C-4BF5-B0EB-1C447525FBBA}.Debug|ARM.Build.0 = Debug|Any CPU
		{4077582F-0B0C-4BF5-B0EB-1C447525FBBA}.Debug|iPhone.ActiveCfg = Debug|Any CPU
		{4077582F-0B0C-4BF5-B0EB-1C447525FBBA}.Debug|iPhone.Build.0 = Debug|Any CPU
		{4077582F-0B0C-4BF5-B0EB-1C447525FBBA}.Debug|iPhoneSimulator.ActiveCfg = Debug|Any CPU
		{4077582F-0B0C-4BF5-B0EB-1C447525FBBA}.Debug|iPhoneSimulator.Build.0 = Debug|Any CPU
		{4077582F-0B0C-4BF5-B0EB-1C447525FBBA}.Debug|x64.ActiveCfg = Debug|Any CPU
		{4077582F-0B0C-4BF5-B0EB-1C447525FBBA}.Debug|x64.Build.0 = Debug|Any CPU
		{4077582F-0B0C-4BF5-B0EB-1C447525FBBA}.Debug|x86.ActiveCfg = Debug|Any CPU
		{4077582F-0B0C-4BF5-B0EB-1C447525FBBA}.Debug|x86.Build.0 = Debug|Any CPU
		{4077582F-0B0C-4BF5-B0EB-1C447525FBBA}.Release|Any CPU.ActiveCfg = Release|Any CPU
		{4077582F-0B0C-4BF5-B0EB-1C447525FBBA}.Release|Any CPU.Build.0 = Release|Any CPU
		{4077582F-0B0C-4BF5-B0EB-1C447525FBBA}.Release|ARM.ActiveCfg = Release|Any CPU
		{4077582F-0B0C-4BF5-B0EB-1C447525FBBA}.Release|ARM.Build.0 = Release|Any CPU
		{4077582F-0B0C-4BF5-B0EB-1C447525FBBA}.Release|iPhone.ActiveCfg = Release|Any CPU
		{4077582F-0B0C-4BF5-B0EB-1C447525FBBA}.Release|iPhone.Build.0 = Release|Any CPU
		{4077582F-0B0C-4BF5-B0EB-1C447525FBBA}.Release|iPhoneSimulator.ActiveCfg = Release|Any CPU
		{4077582F-0B0C-4BF5-B0EB-1C447525FBBA}.Release|iPhoneSimulator.Build.0 = Release|Any CPU
		{4077582F-0B0C-4BF5-B0EB-1C447525FBBA}.Release|x64.ActiveCfg = Release|Any CPU
		{4077582F-0B0C-4BF5-B0EB-1C447525FBBA}.Release|x64.Build.0 = Release|Any CPU
		{4077582F-0B0C-4BF5-B0EB-1C447525FBBA}.Release|x86.ActiveCfg = Release|Any CPU
		{4077582F-0B0C-4BF5-B0EB-1C447525FBBA}.Release|x86.Build.0 = Release|Any CPU
		{F22C501A-7864-42AA-B476-B2096D711E81}.Ad-Hoc|Any CPU.ActiveCfg = Debug|Any CPU
		{F22C501A-7864-42AA-B476-B2096D711E81}.Ad-Hoc|Any CPU.Build.0 = Debug|Any CPU
		{F22C501A-7864-42AA-B476-B2096D711E81}.Ad-Hoc|ARM.ActiveCfg = Debug|Any CPU
		{F22C501A-7864-42AA-B476-B2096D711E81}.Ad-Hoc|ARM.Build.0 = Debug|Any CPU
		{F22C501A-7864-42AA-B476-B2096D711E81}.Ad-Hoc|iPhone.ActiveCfg = Debug|Any CPU
		{F22C501A-7864-42AA-B476-B2096D711E81}.Ad-Hoc|iPhone.Build.0 = Debug|Any CPU
		{F22C501A-7864-42AA-B476-B2096D711E81}.Ad-Hoc|iPhoneSimulator.ActiveCfg = Debug|Any CPU
		{F22C501A-7864-42AA-B476-B2096D711E81}.Ad-Hoc|iPhoneSimulator.Build.0 = Debug|Any CPU
		{F22C501A-7864-42AA-B476-B2096D711E81}.Ad-Hoc|x64.ActiveCfg = Debug|Any CPU
		{F22C501A-7864-42AA-B476-B2096D711E81}.Ad-Hoc|x64.Build.0 = Debug|Any CPU
		{F22C501A-7864-42AA-B476-B2096D711E81}.Ad-Hoc|x86.ActiveCfg = Debug|Any CPU
		{F22C501A-7864-42AA-B476-B2096D711E81}.Ad-Hoc|x86.Build.0 = Debug|Any CPU
		{F22C501A-7864-42AA-B476-B2096D711E81}.AppStore|Any CPU.ActiveCfg = Debug|Any CPU
		{F22C501A-7864-42AA-B476-B2096D711E81}.AppStore|Any CPU.Build.0 = Debug|Any CPU
		{F22C501A-7864-42AA-B476-B2096D711E81}.AppStore|ARM.ActiveCfg = Debug|Any CPU
		{F22C501A-7864-42AA-B476-B2096D711E81}.AppStore|ARM.Build.0 = Debug|Any CPU
		{F22C501A-7864-42AA-B476-B2096D711E81}.AppStore|iPhone.ActiveCfg = Debug|Any CPU
		{F22C501A-7864-42AA-B476-B2096D711E81}.AppStore|iPhone.Build.0 = Debug|Any CPU
		{F22C501A-7864-42AA-B476-B2096D711E81}.AppStore|iPhoneSimulator.ActiveCfg = Debug|Any CPU
		{F22C501A-7864-42AA-B476-B2096D711E81}.AppStore|iPhoneSimulator.Build.0 = Debug|Any CPU
		{F22C501A-7864-42AA-B476-B2096D711E81}.AppStore|x64.ActiveCfg = Debug|Any CPU
		{F22C501A-7864-42AA-B476-B2096D711E81}.AppStore|x64.Build.0 = Debug|Any CPU
		{F22C501A-7864-42AA-B476-B2096D711E81}.AppStore|x86.ActiveCfg = Debug|Any CPU
		{F22C501A-7864-42AA-B476-B2096D711E81}.AppStore|x86.Build.0 = Debug|Any CPU
		{F22C501A-7864-42AA-B476-B2096D711E81}.Debug|Any CPU.ActiveCfg = Debug|Any CPU
		{F22C501A-7864-42AA-B476-B2096D711E81}.Debug|Any CPU.Build.0 = Debug|Any CPU
		{F22C501A-7864-42AA-B476-B2096D711E81}.Debug|ARM.ActiveCfg = Debug|Any CPU
		{F22C501A-7864-42AA-B476-B2096D711E81}.Debug|ARM.Build.0 = Debug|Any CPU
		{F22C501A-7864-42AA-B476-B2096D711E81}.Debug|iPhone.ActiveCfg = Debug|Any CPU
		{F22C501A-7864-42AA-B476-B2096D711E81}.Debug|iPhone.Build.0 = Debug|Any CPU
		{F22C501A-7864-42AA-B476-B2096D711E81}.Debug|iPhoneSimulator.ActiveCfg = Debug|Any CPU
		{F22C501A-7864-42AA-B476-B2096D711E81}.Debug|iPhoneSimulator.Build.0 = Debug|Any CPU
		{F22C501A-7864-42AA-B476-B2096D711E81}.Debug|x64.ActiveCfg = Debug|Any CPU
		{F22C501A-7864-42AA-B476-B2096D711E81}.Debug|x64.Build.0 = Debug|Any CPU
		{F22C501A-7864-42AA-B476-B2096D711E81}.Debug|x86.ActiveCfg = Debug|Any CPU
		{F22C501A-7864-42AA-B476-B2096D711E81}.Debug|x86.Build.0 = Debug|Any CPU
		{F22C501A-7864-42AA-B476-B2096D711E81}.Release|Any CPU.ActiveCfg = Release|Any CPU
		{F22C501A-7864-42AA-B476-B2096D711E81}.Release|Any CPU.Build.0 = Release|Any CPU
		{F22C501A-7864-42AA-B476-B2096D711E81}.Release|ARM.ActiveCfg = Release|Any CPU
		{F22C501A-7864-42AA-B476-B2096D711E81}.Release|ARM.Build.0 = Release|Any CPU
		{F22C501A-7864-42AA-B476-B2096D711E81}.Release|iPhone.ActiveCfg = Release|Any CPU
		{F22C501A-7864-42AA-B476-B2096D711E81}.Release|iPhone.Build.0 = Release|Any CPU
		{F22C501A-7864-42AA-B476-B2096D711E81}.Release|iPhoneSimulator.ActiveCfg = Release|Any CPU
		{F22C501A-7864-42AA-B476-B2096D711E81}.Release|iPhoneSimulator.Build.0 = Release|Any CPU
		{F22C501A-7864-42AA-B476-B2096D711E81}.Release|x64.ActiveCfg = Release|Any CPU
		{F22C501A-7864-42AA-B476-B2096D711E81}.Release|x64.Build.0 = Release|Any CPU
		{F22C501A-7864-42AA-B476-B2096D711E81}.Release|x86.ActiveCfg = Release|Any CPU
		{F22C501A-7864-42AA-B476-B2096D711E81}.Release|x86.Build.0 = Release|Any CPU
		{8380FA35-42FE-40E5-8931-075189D582B9}.Ad-Hoc|Any CPU.ActiveCfg = Debug|Any CPU
		{8380FA35-42FE-40E5-8931-075189D582B9}.Ad-Hoc|Any CPU.Build.0 = Debug|Any CPU
		{8380FA35-42FE-40E5-8931-075189D582B9}.Ad-Hoc|ARM.ActiveCfg = Debug|Any CPU
		{8380FA35-42FE-40E5-8931-075189D582B9}.Ad-Hoc|ARM.Build.0 = Debug|Any CPU
		{8380FA35-42FE-40E5-8931-075189D582B9}.Ad-Hoc|iPhone.ActiveCfg = Debug|Any CPU
		{8380FA35-42FE-40E5-8931-075189D582B9}.Ad-Hoc|iPhone.Build.0 = Debug|Any CPU
		{8380FA35-42FE-40E5-8931-075189D582B9}.Ad-Hoc|iPhoneSimulator.ActiveCfg = Debug|Any CPU
		{8380FA35-42FE-40E5-8931-075189D582B9}.Ad-Hoc|iPhoneSimulator.Build.0 = Debug|Any CPU
		{8380FA35-42FE-40E5-8931-075189D582B9}.Ad-Hoc|x64.ActiveCfg = Debug|Any CPU
		{8380FA35-42FE-40E5-8931-075189D582B9}.Ad-Hoc|x64.Build.0 = Debug|Any CPU
		{8380FA35-42FE-40E5-8931-075189D582B9}.Ad-Hoc|x86.ActiveCfg = Debug|Any CPU
		{8380FA35-42FE-40E5-8931-075189D582B9}.Ad-Hoc|x86.Build.0 = Debug|Any CPU
		{8380FA35-42FE-40E5-8931-075189D582B9}.AppStore|Any CPU.ActiveCfg = Debug|Any CPU
		{8380FA35-42FE-40E5-8931-075189D582B9}.AppStore|Any CPU.Build.0 = Debug|Any CPU
		{8380FA35-42FE-40E5-8931-075189D582B9}.AppStore|ARM.ActiveCfg = Debug|Any CPU
		{8380FA35-42FE-40E5-8931-075189D582B9}.AppStore|ARM.Build.0 = Debug|Any CPU
		{8380FA35-42FE-40E5-8931-075189D582B9}.AppStore|iPhone.ActiveCfg = Debug|Any CPU
		{8380FA35-42FE-40E5-8931-075189D582B9}.AppStore|iPhone.Build.0 = Debug|Any CPU
		{8380FA35-42FE-40E5-8931-075189D582B9}.AppStore|iPhoneSimulator.ActiveCfg = Debug|Any CPU
		{8380FA35-42FE-40E5-8931-075189D582B9}.AppStore|iPhoneSimulator.Build.0 = Debug|Any CPU
		{8380FA35-42FE-40E5-8931-075189D582B9}.AppStore|x64.ActiveCfg = Debug|Any CPU
		{8380FA35-42FE-40E5-8931-075189D582B9}.AppStore|x64.Build.0 = Debug|Any CPU
		{8380FA35-42FE-40E5-8931-075189D582B9}.AppStore|x86.ActiveCfg = Debug|Any CPU
		{8380FA35-42FE-40E5-8931-075189D582B9}.AppStore|x86.Build.0 = Debug|Any CPU
		{8380FA35-42FE-40E5-8931-075189D582B9}.Debug|Any CPU.ActiveCfg = Debug|Any CPU
		{8380FA35-42FE-40E5-8931-075189D582B9}.Debug|Any CPU.Build.0 = Debug|Any CPU
		{8380FA35-42FE-40E5-8931-075189D582B9}.Debug|ARM.ActiveCfg = Debug|Any CPU
		{8380FA35-42FE-40E5-8931-075189D582B9}.Debug|ARM.Build.0 = Debug|Any CPU
		{8380FA35-42FE-40E5-8931-075189D582B9}.Debug|iPhone.ActiveCfg = Debug|Any CPU
		{8380FA35-42FE-40E5-8931-075189D582B9}.Debug|iPhone.Build.0 = Debug|Any CPU
		{8380FA35-42FE-40E5-8931-075189D582B9}.Debug|iPhoneSimulator.ActiveCfg = Debug|Any CPU
		{8380FA35-42FE-40E5-8931-075189D582B9}.Debug|iPhoneSimulator.Build.0 = Debug|Any CPU
		{8380FA35-42FE-40E5-8931-075189D582B9}.Debug|x64.ActiveCfg = Debug|Any CPU
		{8380FA35-42FE-40E5-8931-075189D582B9}.Debug|x64.Build.0 = Debug|Any CPU
		{8380FA35-42FE-40E5-8931-075189D582B9}.Debug|x86.ActiveCfg = Debug|Any CPU
		{8380FA35-42FE-40E5-8931-075189D582B9}.Debug|x86.Build.0 = Debug|Any CPU
		{8380FA35-42FE-40E5-8931-075189D582B9}.Release|Any CPU.ActiveCfg = Release|Any CPU
		{8380FA35-42FE-40E5-8931-075189D582B9}.Release|Any CPU.Build.0 = Release|Any CPU
		{8380FA35-42FE-40E5-8931-075189D582B9}.Release|ARM.ActiveCfg = Release|Any CPU
		{8380FA35-42FE-40E5-8931-075189D582B9}.Release|ARM.Build.0 = Release|Any CPU
		{8380FA35-42FE-40E5-8931-075189D582B9}.Release|iPhone.ActiveCfg = Release|Any CPU
		{8380FA35-42FE-40E5-8931-075189D582B9}.Release|iPhone.Build.0 = Release|Any CPU
		{8380FA35-42FE-40E5-8931-075189D582B9}.Release|iPhoneSimulator.ActiveCfg = Release|Any CPU
		{8380FA35-42FE-40E5-8931-075189D582B9}.Release|iPhoneSimulator.Build.0 = Release|Any CPU
		{8380FA35-42FE-40E5-8931-075189D582B9}.Release|x64.ActiveCfg = Release|Any CPU
		{8380FA35-42FE-40E5-8931-075189D582B9}.Release|x64.Build.0 = Release|Any CPU
		{8380FA35-42FE-40E5-8931-075189D582B9}.Release|x86.ActiveCfg = Release|Any CPU
		{8380FA35-42FE-40E5-8931-075189D582B9}.Release|x86.Build.0 = Release|Any CPU
		{A37BC2B7-6F9F-4E2C-A38D-78FF70A69E8C}.Ad-Hoc|Any CPU.ActiveCfg = Debug|Any CPU
		{A37BC2B7-6F9F-4E2C-A38D-78FF70A69E8C}.Ad-Hoc|Any CPU.Build.0 = Debug|Any CPU
		{A37BC2B7-6F9F-4E2C-A38D-78FF70A69E8C}.Ad-Hoc|ARM.ActiveCfg = Debug|Any CPU
		{A37BC2B7-6F9F-4E2C-A38D-78FF70A69E8C}.Ad-Hoc|ARM.Build.0 = Debug|Any CPU
		{A37BC2B7-6F9F-4E2C-A38D-78FF70A69E8C}.Ad-Hoc|iPhone.ActiveCfg = Debug|Any CPU
		{A37BC2B7-6F9F-4E2C-A38D-78FF70A69E8C}.Ad-Hoc|iPhone.Build.0 = Debug|Any CPU
		{A37BC2B7-6F9F-4E2C-A38D-78FF70A69E8C}.Ad-Hoc|iPhoneSimulator.ActiveCfg = Debug|Any CPU
		{A37BC2B7-6F9F-4E2C-A38D-78FF70A69E8C}.Ad-Hoc|iPhoneSimulator.Build.0 = Debug|Any CPU
		{A37BC2B7-6F9F-4E2C-A38D-78FF70A69E8C}.Ad-Hoc|x64.ActiveCfg = Debug|Any CPU
		{A37BC2B7-6F9F-4E2C-A38D-78FF70A69E8C}.Ad-Hoc|x64.Build.0 = Debug|Any CPU
		{A37BC2B7-6F9F-4E2C-A38D-78FF70A69E8C}.Ad-Hoc|x86.ActiveCfg = Debug|Any CPU
		{A37BC2B7-6F9F-4E2C-A38D-78FF70A69E8C}.Ad-Hoc|x86.Build.0 = Debug|Any CPU
		{A37BC2B7-6F9F-4E2C-A38D-78FF70A69E8C}.AppStore|Any CPU.ActiveCfg = Debug|Any CPU
		{A37BC2B7-6F9F-4E2C-A38D-78FF70A69E8C}.AppStore|Any CPU.Build.0 = Debug|Any CPU
		{A37BC2B7-6F9F-4E2C-A38D-78FF70A69E8C}.AppStore|ARM.ActiveCfg = Debug|Any CPU
		{A37BC2B7-6F9F-4E2C-A38D-78FF70A69E8C}.AppStore|ARM.Build.0 = Debug|Any CPU
		{A37BC2B7-6F9F-4E2C-A38D-78FF70A69E8C}.AppStore|iPhone.ActiveCfg = Debug|Any CPU
		{A37BC2B7-6F9F-4E2C-A38D-78FF70A69E8C}.AppStore|iPhone.Build.0 = Debug|Any CPU
		{A37BC2B7-6F9F-4E2C-A38D-78FF70A69E8C}.AppStore|iPhoneSimulator.ActiveCfg = Debug|Any CPU
		{A37BC2B7-6F9F-4E2C-A38D-78FF70A69E8C}.AppStore|iPhoneSimulator.Build.0 = Debug|Any CPU
		{A37BC2B7-6F9F-4E2C-A38D-78FF70A69E8C}.AppStore|x64.ActiveCfg = Debug|Any CPU
		{A37BC2B7-6F9F-4E2C-A38D-78FF70A69E8C}.AppStore|x64.Build.0 = Debug|Any CPU
		{A37BC2B7-6F9F-4E2C-A38D-78FF70A69E8C}.AppStore|x86.ActiveCfg = Debug|Any CPU
		{A37BC2B7-6F9F-4E2C-A38D-78FF70A69E8C}.AppStore|x86.Build.0 = Debug|Any CPU
		{A37BC2B7-6F9F-4E2C-A38D-78FF70A69E8C}.Debug|Any CPU.ActiveCfg = Debug|Any CPU
		{A37BC2B7-6F9F-4E2C-A38D-78FF70A69E8C}.Debug|Any CPU.Build.0 = Debug|Any CPU
		{A37BC2B7-6F9F-4E2C-A38D-78FF70A69E8C}.Debug|ARM.ActiveCfg = Debug|Any CPU
		{A37BC2B7-6F9F-4E2C-A38D-78FF70A69E8C}.Debug|ARM.Build.0 = Debug|Any CPU
		{A37BC2B7-6F9F-4E2C-A38D-78FF70A69E8C}.Debug|iPhone.ActiveCfg = Debug|Any CPU
		{A37BC2B7-6F9F-4E2C-A38D-78FF70A69E8C}.Debug|iPhone.Build.0 = Debug|Any CPU
		{A37BC2B7-6F9F-4E2C-A38D-78FF70A69E8C}.Debug|iPhoneSimulator.ActiveCfg = Debug|Any CPU
		{A37BC2B7-6F9F-4E2C-A38D-78FF70A69E8C}.Debug|iPhoneSimulator.Build.0 = Debug|Any CPU
		{A37BC2B7-6F9F-4E2C-A38D-78FF70A69E8C}.Debug|x64.ActiveCfg = Debug|Any CPU
		{A37BC2B7-6F9F-4E2C-A38D-78FF70A69E8C}.Debug|x64.Build.0 = Debug|Any CPU
		{A37BC2B7-6F9F-4E2C-A38D-78FF70A69E8C}.Debug|x86.ActiveCfg = Debug|Any CPU
		{A37BC2B7-6F9F-4E2C-A38D-78FF70A69E8C}.Debug|x86.Build.0 = Debug|Any CPU
		{A37BC2B7-6F9F-4E2C-A38D-78FF70A69E8C}.Release|Any CPU.ActiveCfg = Release|Any CPU
		{A37BC2B7-6F9F-4E2C-A38D-78FF70A69E8C}.Release|Any CPU.Build.0 = Release|Any CPU
		{A37BC2B7-6F9F-4E2C-A38D-78FF70A69E8C}.Release|ARM.ActiveCfg = Release|Any CPU
		{A37BC2B7-6F9F-4E2C-A38D-78FF70A69E8C}.Release|ARM.Build.0 = Release|Any CPU
		{A37BC2B7-6F9F-4E2C-A38D-78FF70A69E8C}.Release|iPhone.ActiveCfg = Release|Any CPU
		{A37BC2B7-6F9F-4E2C-A38D-78FF70A69E8C}.Release|iPhone.Build.0 = Release|Any CPU
		{A37BC2B7-6F9F-4E2C-A38D-78FF70A69E8C}.Release|iPhoneSimulator.ActiveCfg = Release|Any CPU
		{A37BC2B7-6F9F-4E2C-A38D-78FF70A69E8C}.Release|iPhoneSimulator.Build.0 = Release|Any CPU
		{A37BC2B7-6F9F-4E2C-A38D-78FF70A69E8C}.Release|x64.ActiveCfg = Release|Any CPU
		{A37BC2B7-6F9F-4E2C-A38D-78FF70A69E8C}.Release|x64.Build.0 = Release|Any CPU
		{A37BC2B7-6F9F-4E2C-A38D-78FF70A69E8C}.Release|x86.ActiveCfg = Release|Any CPU
		{A37BC2B7-6F9F-4E2C-A38D-78FF70A69E8C}.Release|x86.Build.0 = Release|Any CPU
		{2B227C1E-1E49-4E03-8621-74D0ADF95D80}.Ad-Hoc|Any CPU.ActiveCfg = Release|Any CPU
		{2B227C1E-1E49-4E03-8621-74D0ADF95D80}.Ad-Hoc|Any CPU.Build.0 = Release|Any CPU
		{2B227C1E-1E49-4E03-8621-74D0ADF95D80}.Ad-Hoc|Any CPU.Deploy.0 = Release|Any CPU
		{2B227C1E-1E49-4E03-8621-74D0ADF95D80}.Ad-Hoc|ARM.ActiveCfg = Release|Any CPU
		{2B227C1E-1E49-4E03-8621-74D0ADF95D80}.Ad-Hoc|ARM.Build.0 = Release|Any CPU
		{2B227C1E-1E49-4E03-8621-74D0ADF95D80}.Ad-Hoc|ARM.Deploy.0 = Release|Any CPU
		{2B227C1E-1E49-4E03-8621-74D0ADF95D80}.Ad-Hoc|iPhone.ActiveCfg = Release|Any CPU
		{2B227C1E-1E49-4E03-8621-74D0ADF95D80}.Ad-Hoc|iPhone.Build.0 = Release|Any CPU
		{2B227C1E-1E49-4E03-8621-74D0ADF95D80}.Ad-Hoc|iPhone.Deploy.0 = Release|Any CPU
		{2B227C1E-1E49-4E03-8621-74D0ADF95D80}.Ad-Hoc|iPhoneSimulator.ActiveCfg = Release|Any CPU
		{2B227C1E-1E49-4E03-8621-74D0ADF95D80}.Ad-Hoc|iPhoneSimulator.Build.0 = Release|Any CPU
		{2B227C1E-1E49-4E03-8621-74D0ADF95D80}.Ad-Hoc|iPhoneSimulator.Deploy.0 = Release|Any CPU
		{2B227C1E-1E49-4E03-8621-74D0ADF95D80}.Ad-Hoc|x64.ActiveCfg = Release|Any CPU
		{2B227C1E-1E49-4E03-8621-74D0ADF95D80}.Ad-Hoc|x64.Build.0 = Release|Any CPU
		{2B227C1E-1E49-4E03-8621-74D0ADF95D80}.Ad-Hoc|x64.Deploy.0 = Release|Any CPU
		{2B227C1E-1E49-4E03-8621-74D0ADF95D80}.Ad-Hoc|x86.ActiveCfg = Release|Any CPU
		{2B227C1E-1E49-4E03-8621-74D0ADF95D80}.Ad-Hoc|x86.Build.0 = Release|Any CPU
		{2B227C1E-1E49-4E03-8621-74D0ADF95D80}.Ad-Hoc|x86.Deploy.0 = Release|Any CPU
		{2B227C1E-1E49-4E03-8621-74D0ADF95D80}.AppStore|Any CPU.ActiveCfg = Release|Any CPU
		{2B227C1E-1E49-4E03-8621-74D0ADF95D80}.AppStore|Any CPU.Build.0 = Release|Any CPU
		{2B227C1E-1E49-4E03-8621-74D0ADF95D80}.AppStore|Any CPU.Deploy.0 = Release|Any CPU
		{2B227C1E-1E49-4E03-8621-74D0ADF95D80}.AppStore|ARM.ActiveCfg = Release|Any CPU
		{2B227C1E-1E49-4E03-8621-74D0ADF95D80}.AppStore|ARM.Build.0 = Release|Any CPU
		{2B227C1E-1E49-4E03-8621-74D0ADF95D80}.AppStore|ARM.Deploy.0 = Release|Any CPU
		{2B227C1E-1E49-4E03-8621-74D0ADF95D80}.AppStore|iPhone.ActiveCfg = Release|Any CPU
		{2B227C1E-1E49-4E03-8621-74D0ADF95D80}.AppStore|iPhone.Build.0 = Release|Any CPU
		{2B227C1E-1E49-4E03-8621-74D0ADF95D80}.AppStore|iPhone.Deploy.0 = Release|Any CPU
		{2B227C1E-1E49-4E03-8621-74D0ADF95D80}.AppStore|iPhoneSimulator.ActiveCfg = Release|Any CPU
		{2B227C1E-1E49-4E03-8621-74D0ADF95D80}.AppStore|iPhoneSimulator.Build.0 = Release|Any CPU
		{2B227C1E-1E49-4E03-8621-74D0ADF95D80}.AppStore|iPhoneSimulator.Deploy.0 = Release|Any CPU
		{2B227C1E-1E49-4E03-8621-74D0ADF95D80}.AppStore|x64.ActiveCfg = Release|Any CPU
		{2B227C1E-1E49-4E03-8621-74D0ADF95D80}.AppStore|x64.Build.0 = Release|Any CPU
		{2B227C1E-1E49-4E03-8621-74D0ADF95D80}.AppStore|x64.Deploy.0 = Release|Any CPU
		{2B227C1E-1E49-4E03-8621-74D0ADF95D80}.AppStore|x86.ActiveCfg = Release|Any CPU
		{2B227C1E-1E49-4E03-8621-74D0ADF95D80}.AppStore|x86.Build.0 = Release|Any CPU
		{2B227C1E-1E49-4E03-8621-74D0ADF95D80}.AppStore|x86.Deploy.0 = Release|Any CPU
		{2B227C1E-1E49-4E03-8621-74D0ADF95D80}.Debug|Any CPU.ActiveCfg = Debug|Any CPU
		{2B227C1E-1E49-4E03-8621-74D0ADF95D80}.Debug|Any CPU.Build.0 = Debug|Any CPU
		{2B227C1E-1E49-4E03-8621-74D0ADF95D80}.Debug|Any CPU.Deploy.0 = Debug|Any CPU
		{2B227C1E-1E49-4E03-8621-74D0ADF95D80}.Debug|ARM.ActiveCfg = Debug|Any CPU
		{2B227C1E-1E49-4E03-8621-74D0ADF95D80}.Debug|ARM.Build.0 = Debug|Any CPU
		{2B227C1E-1E49-4E03-8621-74D0ADF95D80}.Debug|ARM.Deploy.0 = Debug|Any CPU
		{2B227C1E-1E49-4E03-8621-74D0ADF95D80}.Debug|iPhone.ActiveCfg = Debug|Any CPU
		{2B227C1E-1E49-4E03-8621-74D0ADF95D80}.Debug|iPhone.Build.0 = Debug|Any CPU
		{2B227C1E-1E49-4E03-8621-74D0ADF95D80}.Debug|iPhone.Deploy.0 = Debug|Any CPU
		{2B227C1E-1E49-4E03-8621-74D0ADF95D80}.Debug|iPhoneSimulator.ActiveCfg = Debug|Any CPU
		{2B227C1E-1E49-4E03-8621-74D0ADF95D80}.Debug|iPhoneSimulator.Build.0 = Debug|Any CPU
		{2B227C1E-1E49-4E03-8621-74D0ADF95D80}.Debug|iPhoneSimulator.Deploy.0 = Debug|Any CPU
		{2B227C1E-1E49-4E03-8621-74D0ADF95D80}.Debug|x64.ActiveCfg = Debug|Any CPU
		{2B227C1E-1E49-4E03-8621-74D0ADF95D80}.Debug|x64.Build.0 = Debug|Any CPU
		{2B227C1E-1E49-4E03-8621-74D0ADF95D80}.Debug|x64.Deploy.0 = Debug|Any CPU
		{2B227C1E-1E49-4E03-8621-74D0ADF95D80}.Debug|x86.ActiveCfg = Debug|Any CPU
		{2B227C1E-1E49-4E03-8621-74D0ADF95D80}.Debug|x86.Build.0 = Debug|Any CPU
		{2B227C1E-1E49-4E03-8621-74D0ADF95D80}.Debug|x86.Deploy.0 = Debug|Any CPU
		{2B227C1E-1E49-4E03-8621-74D0ADF95D80}.Release|Any CPU.ActiveCfg = Release|Any CPU
		{2B227C1E-1E49-4E03-8621-74D0ADF95D80}.Release|Any CPU.Build.0 = Release|Any CPU
		{2B227C1E-1E49-4E03-8621-74D0ADF95D80}.Release|Any CPU.Deploy.0 = Release|Any CPU
		{2B227C1E-1E49-4E03-8621-74D0ADF95D80}.Release|ARM.ActiveCfg = Release|Any CPU
		{2B227C1E-1E49-4E03-8621-74D0ADF95D80}.Release|ARM.Build.0 = Release|Any CPU
		{2B227C1E-1E49-4E03-8621-74D0ADF95D80}.Release|ARM.Deploy.0 = Release|Any CPU
		{2B227C1E-1E49-4E03-8621-74D0ADF95D80}.Release|iPhone.ActiveCfg = Release|Any CPU
		{2B227C1E-1E49-4E03-8621-74D0ADF95D80}.Release|iPhone.Build.0 = Release|Any CPU
		{2B227C1E-1E49-4E03-8621-74D0ADF95D80}.Release|iPhone.Deploy.0 = Release|Any CPU
		{2B227C1E-1E49-4E03-8621-74D0ADF95D80}.Release|iPhoneSimulator.ActiveCfg = Release|Any CPU
		{2B227C1E-1E49-4E03-8621-74D0ADF95D80}.Release|iPhoneSimulator.Build.0 = Release|Any CPU
		{2B227C1E-1E49-4E03-8621-74D0ADF95D80}.Release|iPhoneSimulator.Deploy.0 = Release|Any CPU
		{2B227C1E-1E49-4E03-8621-74D0ADF95D80}.Release|x64.ActiveCfg = Release|Any CPU
		{2B227C1E-1E49-4E03-8621-74D0ADF95D80}.Release|x64.Build.0 = Release|Any CPU
		{2B227C1E-1E49-4E03-8621-74D0ADF95D80}.Release|x64.Deploy.0 = Release|Any CPU
		{2B227C1E-1E49-4E03-8621-74D0ADF95D80}.Release|x86.ActiveCfg = Release|Any CPU
		{2B227C1E-1E49-4E03-8621-74D0ADF95D80}.Release|x86.Build.0 = Release|Any CPU
		{2B227C1E-1E49-4E03-8621-74D0ADF95D80}.Release|x86.Deploy.0 = Release|Any CPU
		{AA839F6C-5F7A-4EBA-AAB4-4B43C9924FC6}.Ad-Hoc|Any CPU.ActiveCfg = Debug|Any CPU
		{AA839F6C-5F7A-4EBA-AAB4-4B43C9924FC6}.Ad-Hoc|Any CPU.Build.0 = Debug|Any CPU
		{AA839F6C-5F7A-4EBA-AAB4-4B43C9924FC6}.Ad-Hoc|ARM.ActiveCfg = Debug|Any CPU
		{AA839F6C-5F7A-4EBA-AAB4-4B43C9924FC6}.Ad-Hoc|ARM.Build.0 = Debug|Any CPU
		{AA839F6C-5F7A-4EBA-AAB4-4B43C9924FC6}.Ad-Hoc|iPhone.ActiveCfg = Debug|Any CPU
		{AA839F6C-5F7A-4EBA-AAB4-4B43C9924FC6}.Ad-Hoc|iPhone.Build.0 = Debug|Any CPU
		{AA839F6C-5F7A-4EBA-AAB4-4B43C9924FC6}.Ad-Hoc|iPhoneSimulator.ActiveCfg = Debug|Any CPU
		{AA839F6C-5F7A-4EBA-AAB4-4B43C9924FC6}.Ad-Hoc|iPhoneSimulator.Build.0 = Debug|Any CPU
		{AA839F6C-5F7A-4EBA-AAB4-4B43C9924FC6}.Ad-Hoc|x64.ActiveCfg = Debug|Any CPU
		{AA839F6C-5F7A-4EBA-AAB4-4B43C9924FC6}.Ad-Hoc|x64.Build.0 = Debug|Any CPU
		{AA839F6C-5F7A-4EBA-AAB4-4B43C9924FC6}.Ad-Hoc|x86.ActiveCfg = Debug|Any CPU
		{AA839F6C-5F7A-4EBA-AAB4-4B43C9924FC6}.Ad-Hoc|x86.Build.0 = Debug|Any CPU
		{AA839F6C-5F7A-4EBA-AAB4-4B43C9924FC6}.AppStore|Any CPU.ActiveCfg = Debug|Any CPU
		{AA839F6C-5F7A-4EBA-AAB4-4B43C9924FC6}.AppStore|Any CPU.Build.0 = Debug|Any CPU
		{AA839F6C-5F7A-4EBA-AAB4-4B43C9924FC6}.AppStore|ARM.ActiveCfg = Debug|Any CPU
		{AA839F6C-5F7A-4EBA-AAB4-4B43C9924FC6}.AppStore|ARM.Build.0 = Debug|Any CPU
		{AA839F6C-5F7A-4EBA-AAB4-4B43C9924FC6}.AppStore|iPhone.ActiveCfg = Debug|Any CPU
		{AA839F6C-5F7A-4EBA-AAB4-4B43C9924FC6}.AppStore|iPhone.Build.0 = Debug|Any CPU
		{AA839F6C-5F7A-4EBA-AAB4-4B43C9924FC6}.AppStore|iPhoneSimulator.ActiveCfg = Debug|Any CPU
		{AA839F6C-5F7A-4EBA-AAB4-4B43C9924FC6}.AppStore|iPhoneSimulator.Build.0 = Debug|Any CPU
		{AA839F6C-5F7A-4EBA-AAB4-4B43C9924FC6}.AppStore|x64.ActiveCfg = Debug|Any CPU
		{AA839F6C-5F7A-4EBA-AAB4-4B43C9924FC6}.AppStore|x64.Build.0 = Debug|Any CPU
		{AA839F6C-5F7A-4EBA-AAB4-4B43C9924FC6}.AppStore|x86.ActiveCfg = Debug|Any CPU
		{AA839F6C-5F7A-4EBA-AAB4-4B43C9924FC6}.AppStore|x86.Build.0 = Debug|Any CPU
		{AA839F6C-5F7A-4EBA-AAB4-4B43C9924FC6}.Debug|Any CPU.ActiveCfg = Debug|Any CPU
		{AA839F6C-5F7A-4EBA-AAB4-4B43C9924FC6}.Debug|Any CPU.Build.0 = Debug|Any CPU
		{AA839F6C-5F7A-4EBA-AAB4-4B43C9924FC6}.Debug|ARM.ActiveCfg = Debug|Any CPU
		{AA839F6C-5F7A-4EBA-AAB4-4B43C9924FC6}.Debug|ARM.Build.0 = Debug|Any CPU
		{AA839F6C-5F7A-4EBA-AAB4-4B43C9924FC6}.Debug|iPhone.ActiveCfg = Debug|Any CPU
		{AA839F6C-5F7A-4EBA-AAB4-4B43C9924FC6}.Debug|iPhone.Build.0 = Debug|Any CPU
		{AA839F6C-5F7A-4EBA-AAB4-4B43C9924FC6}.Debug|iPhoneSimulator.ActiveCfg = Debug|Any CPU
		{AA839F6C-5F7A-4EBA-AAB4-4B43C9924FC6}.Debug|iPhoneSimulator.Build.0 = Debug|Any CPU
		{AA839F6C-5F7A-4EBA-AAB4-4B43C9924FC6}.Debug|x64.ActiveCfg = Debug|Any CPU
		{AA839F6C-5F7A-4EBA-AAB4-4B43C9924FC6}.Debug|x64.Build.0 = Debug|Any CPU
		{AA839F6C-5F7A-4EBA-AAB4-4B43C9924FC6}.Debug|x86.ActiveCfg = Debug|Any CPU
		{AA839F6C-5F7A-4EBA-AAB4-4B43C9924FC6}.Debug|x86.Build.0 = Debug|Any CPU
		{AA839F6C-5F7A-4EBA-AAB4-4B43C9924FC6}.Release|Any CPU.ActiveCfg = Release|Any CPU
		{AA839F6C-5F7A-4EBA-AAB4-4B43C9924FC6}.Release|Any CPU.Build.0 = Release|Any CPU
		{AA839F6C-5F7A-4EBA-AAB4-4B43C9924FC6}.Release|ARM.ActiveCfg = Release|Any CPU
		{AA839F6C-5F7A-4EBA-AAB4-4B43C9924FC6}.Release|ARM.Build.0 = Release|Any CPU
		{AA839F6C-5F7A-4EBA-AAB4-4B43C9924FC6}.Release|iPhone.ActiveCfg = Release|Any CPU
		{AA839F6C-5F7A-4EBA-AAB4-4B43C9924FC6}.Release|iPhone.Build.0 = Release|Any CPU
		{AA839F6C-5F7A-4EBA-AAB4-4B43C9924FC6}.Release|iPhoneSimulator.ActiveCfg = Release|Any CPU
		{AA839F6C-5F7A-4EBA-AAB4-4B43C9924FC6}.Release|iPhoneSimulator.Build.0 = Release|Any CPU
		{AA839F6C-5F7A-4EBA-AAB4-4B43C9924FC6}.Release|x64.ActiveCfg = Release|Any CPU
		{AA839F6C-5F7A-4EBA-AAB4-4B43C9924FC6}.Release|x64.Build.0 = Release|Any CPU
		{AA839F6C-5F7A-4EBA-AAB4-4B43C9924FC6}.Release|x86.ActiveCfg = Release|Any CPU
		{AA839F6C-5F7A-4EBA-AAB4-4B43C9924FC6}.Release|x86.Build.0 = Release|Any CPU
		{9764B92E-A4C8-4E36-AD27-5DB1E2A53515}.Ad-Hoc|Any CPU.ActiveCfg = Debug|Any CPU
		{9764B92E-A4C8-4E36-AD27-5DB1E2A53515}.Ad-Hoc|Any CPU.Build.0 = Debug|Any CPU
		{9764B92E-A4C8-4E36-AD27-5DB1E2A53515}.Ad-Hoc|ARM.ActiveCfg = Debug|Any CPU
		{9764B92E-A4C8-4E36-AD27-5DB1E2A53515}.Ad-Hoc|ARM.Build.0 = Debug|Any CPU
		{9764B92E-A4C8-4E36-AD27-5DB1E2A53515}.Ad-Hoc|iPhone.ActiveCfg = Debug|Any CPU
		{9764B92E-A4C8-4E36-AD27-5DB1E2A53515}.Ad-Hoc|iPhone.Build.0 = Debug|Any CPU
		{9764B92E-A4C8-4E36-AD27-5DB1E2A53515}.Ad-Hoc|iPhoneSimulator.ActiveCfg = Debug|Any CPU
		{9764B92E-A4C8-4E36-AD27-5DB1E2A53515}.Ad-Hoc|iPhoneSimulator.Build.0 = Debug|Any CPU
		{9764B92E-A4C8-4E36-AD27-5DB1E2A53515}.Ad-Hoc|x64.ActiveCfg = Debug|Any CPU
		{9764B92E-A4C8-4E36-AD27-5DB1E2A53515}.Ad-Hoc|x64.Build.0 = Debug|Any CPU
		{9764B92E-A4C8-4E36-AD27-5DB1E2A53515}.Ad-Hoc|x86.ActiveCfg = Debug|Any CPU
		{9764B92E-A4C8-4E36-AD27-5DB1E2A53515}.Ad-Hoc|x86.Build.0 = Debug|Any CPU
		{9764B92E-A4C8-4E36-AD27-5DB1E2A53515}.AppStore|Any CPU.ActiveCfg = Debug|Any CPU
		{9764B92E-A4C8-4E36-AD27-5DB1E2A53515}.AppStore|Any CPU.Build.0 = Debug|Any CPU
		{9764B92E-A4C8-4E36-AD27-5DB1E2A53515}.AppStore|ARM.ActiveCfg = Debug|Any CPU
		{9764B92E-A4C8-4E36-AD27-5DB1E2A53515}.AppStore|ARM.Build.0 = Debug|Any CPU
		{9764B92E-A4C8-4E36-AD27-5DB1E2A53515}.AppStore|iPhone.ActiveCfg = Debug|Any CPU
		{9764B92E-A4C8-4E36-AD27-5DB1E2A53515}.AppStore|iPhone.Build.0 = Debug|Any CPU
		{9764B92E-A4C8-4E36-AD27-5DB1E2A53515}.AppStore|iPhoneSimulator.ActiveCfg = Debug|Any CPU
		{9764B92E-A4C8-4E36-AD27-5DB1E2A53515}.AppStore|iPhoneSimulator.Build.0 = Debug|Any CPU
		{9764B92E-A4C8-4E36-AD27-5DB1E2A53515}.AppStore|x64.ActiveCfg = Debug|Any CPU
		{9764B92E-A4C8-4E36-AD27-5DB1E2A53515}.AppStore|x64.Build.0 = Debug|Any CPU
		{9764B92E-A4C8-4E36-AD27-5DB1E2A53515}.AppStore|x86.ActiveCfg = Debug|Any CPU
		{9764B92E-A4C8-4E36-AD27-5DB1E2A53515}.AppStore|x86.Build.0 = Debug|Any CPU
		{9764B92E-A4C8-4E36-AD27-5DB1E2A53515}.Debug|Any CPU.ActiveCfg = Debug|Any CPU
		{9764B92E-A4C8-4E36-AD27-5DB1E2A53515}.Debug|Any CPU.Build.0 = Debug|Any CPU
		{9764B92E-A4C8-4E36-AD27-5DB1E2A53515}.Debug|ARM.ActiveCfg = Debug|Any CPU
		{9764B92E-A4C8-4E36-AD27-5DB1E2A53515}.Debug|ARM.Build.0 = Debug|Any CPU
		{9764B92E-A4C8-4E36-AD27-5DB1E2A53515}.Debug|iPhone.ActiveCfg = Debug|Any CPU
		{9764B92E-A4C8-4E36-AD27-5DB1E2A53515}.Debug|iPhone.Build.0 = Debug|Any CPU
		{9764B92E-A4C8-4E36-AD27-5DB1E2A53515}.Debug|iPhoneSimulator.ActiveCfg = Debug|Any CPU
		{9764B92E-A4C8-4E36-AD27-5DB1E2A53515}.Debug|iPhoneSimulator.Build.0 = Debug|Any CPU
		{9764B92E-A4C8-4E36-AD27-5DB1E2A53515}.Debug|x64.ActiveCfg = Debug|Any CPU
		{9764B92E-A4C8-4E36-AD27-5DB1E2A53515}.Debug|x64.Build.0 = Debug|Any CPU
		{9764B92E-A4C8-4E36-AD27-5DB1E2A53515}.Debug|x86.ActiveCfg = Debug|Any CPU
		{9764B92E-A4C8-4E36-AD27-5DB1E2A53515}.Debug|x86.Build.0 = Debug|Any CPU
		{9764B92E-A4C8-4E36-AD27-5DB1E2A53515}.Release|Any CPU.ActiveCfg = Release|Any CPU
		{9764B92E-A4C8-4E36-AD27-5DB1E2A53515}.Release|Any CPU.Build.0 = Release|Any CPU
		{9764B92E-A4C8-4E36-AD27-5DB1E2A53515}.Release|ARM.ActiveCfg = Release|Any CPU
		{9764B92E-A4C8-4E36-AD27-5DB1E2A53515}.Release|ARM.Build.0 = Release|Any CPU
		{9764B92E-A4C8-4E36-AD27-5DB1E2A53515}.Release|iPhone.ActiveCfg = Release|Any CPU
		{9764B92E-A4C8-4E36-AD27-5DB1E2A53515}.Release|iPhone.Build.0 = Release|Any CPU
		{9764B92E-A4C8-4E36-AD27-5DB1E2A53515}.Release|iPhoneSimulator.ActiveCfg = Release|Any CPU
		{9764B92E-A4C8-4E36-AD27-5DB1E2A53515}.Release|iPhoneSimulator.Build.0 = Release|Any CPU
		{9764B92E-A4C8-4E36-AD27-5DB1E2A53515}.Release|x64.ActiveCfg = Release|Any CPU
		{9764B92E-A4C8-4E36-AD27-5DB1E2A53515}.Release|x64.Build.0 = Release|Any CPU
		{9764B92E-A4C8-4E36-AD27-5DB1E2A53515}.Release|x86.ActiveCfg = Release|Any CPU
		{9764B92E-A4C8-4E36-AD27-5DB1E2A53515}.Release|x86.Build.0 = Release|Any CPU
		{522D61F2-1FC4-4F46-AC63-FFCFCB3B6DAE}.Ad-Hoc|Any CPU.ActiveCfg = Debug|Any CPU
		{522D61F2-1FC4-4F46-AC63-FFCFCB3B6DAE}.Ad-Hoc|Any CPU.Build.0 = Debug|Any CPU
		{522D61F2-1FC4-4F46-AC63-FFCFCB3B6DAE}.Ad-Hoc|ARM.ActiveCfg = Debug|Any CPU
		{522D61F2-1FC4-4F46-AC63-FFCFCB3B6DAE}.Ad-Hoc|ARM.Build.0 = Debug|Any CPU
		{522D61F2-1FC4-4F46-AC63-FFCFCB3B6DAE}.Ad-Hoc|iPhone.ActiveCfg = Debug|Any CPU
		{522D61F2-1FC4-4F46-AC63-FFCFCB3B6DAE}.Ad-Hoc|iPhone.Build.0 = Debug|Any CPU
		{522D61F2-1FC4-4F46-AC63-FFCFCB3B6DAE}.Ad-Hoc|iPhoneSimulator.ActiveCfg = Debug|Any CPU
		{522D61F2-1FC4-4F46-AC63-FFCFCB3B6DAE}.Ad-Hoc|iPhoneSimulator.Build.0 = Debug|Any CPU
		{522D61F2-1FC4-4F46-AC63-FFCFCB3B6DAE}.Ad-Hoc|x64.ActiveCfg = Debug|Any CPU
		{522D61F2-1FC4-4F46-AC63-FFCFCB3B6DAE}.Ad-Hoc|x64.Build.0 = Debug|Any CPU
		{522D61F2-1FC4-4F46-AC63-FFCFCB3B6DAE}.Ad-Hoc|x86.ActiveCfg = Debug|Any CPU
		{522D61F2-1FC4-4F46-AC63-FFCFCB3B6DAE}.Ad-Hoc|x86.Build.0 = Debug|Any CPU
		{522D61F2-1FC4-4F46-AC63-FFCFCB3B6DAE}.AppStore|Any CPU.ActiveCfg = Debug|Any CPU
		{522D61F2-1FC4-4F46-AC63-FFCFCB3B6DAE}.AppStore|Any CPU.Build.0 = Debug|Any CPU
		{522D61F2-1FC4-4F46-AC63-FFCFCB3B6DAE}.AppStore|ARM.ActiveCfg = Debug|Any CPU
		{522D61F2-1FC4-4F46-AC63-FFCFCB3B6DAE}.AppStore|ARM.Build.0 = Debug|Any CPU
		{522D61F2-1FC4-4F46-AC63-FFCFCB3B6DAE}.AppStore|iPhone.ActiveCfg = Debug|Any CPU
		{522D61F2-1FC4-4F46-AC63-FFCFCB3B6DAE}.AppStore|iPhone.Build.0 = Debug|Any CPU
		{522D61F2-1FC4-4F46-AC63-FFCFCB3B6DAE}.AppStore|iPhoneSimulator.ActiveCfg = Debug|Any CPU
		{522D61F2-1FC4-4F46-AC63-FFCFCB3B6DAE}.AppStore|iPhoneSimulator.Build.0 = Debug|Any CPU
		{522D61F2-1FC4-4F46-AC63-FFCFCB3B6DAE}.AppStore|x64.ActiveCfg = Debug|Any CPU
		{522D61F2-1FC4-4F46-AC63-FFCFCB3B6DAE}.AppStore|x64.Build.0 = Debug|Any CPU
		{522D61F2-1FC4-4F46-AC63-FFCFCB3B6DAE}.AppStore|x86.ActiveCfg = Debug|Any CPU
		{522D61F2-1FC4-4F46-AC63-FFCFCB3B6DAE}.AppStore|x86.Build.0 = Debug|Any CPU
		{522D61F2-1FC4-4F46-AC63-FFCFCB3B6DAE}.Debug|Any CPU.ActiveCfg = Debug|Any CPU
		{522D61F2-1FC4-4F46-AC63-FFCFCB3B6DAE}.Debug|Any CPU.Build.0 = Debug|Any CPU
		{522D61F2-1FC4-4F46-AC63-FFCFCB3B6DAE}.Debug|ARM.ActiveCfg = Debug|Any CPU
		{522D61F2-1FC4-4F46-AC63-FFCFCB3B6DAE}.Debug|ARM.Build.0 = Debug|Any CPU
		{522D61F2-1FC4-4F46-AC63-FFCFCB3B6DAE}.Debug|iPhone.ActiveCfg = Debug|Any CPU
		{522D61F2-1FC4-4F46-AC63-FFCFCB3B6DAE}.Debug|iPhone.Build.0 = Debug|Any CPU
		{522D61F2-1FC4-4F46-AC63-FFCFCB3B6DAE}.Debug|iPhoneSimulator.ActiveCfg = Debug|Any CPU
		{522D61F2-1FC4-4F46-AC63-FFCFCB3B6DAE}.Debug|iPhoneSimulator.Build.0 = Debug|Any CPU
		{522D61F2-1FC4-4F46-AC63-FFCFCB3B6DAE}.Debug|x64.ActiveCfg = Debug|Any CPU
		{522D61F2-1FC4-4F46-AC63-FFCFCB3B6DAE}.Debug|x64.Build.0 = Debug|Any CPU
		{522D61F2-1FC4-4F46-AC63-FFCFCB3B6DAE}.Debug|x86.ActiveCfg = Debug|Any CPU
		{522D61F2-1FC4-4F46-AC63-FFCFCB3B6DAE}.Debug|x86.Build.0 = Debug|Any CPU
		{522D61F2-1FC4-4F46-AC63-FFCFCB3B6DAE}.Release|Any CPU.ActiveCfg = Release|Any CPU
		{522D61F2-1FC4-4F46-AC63-FFCFCB3B6DAE}.Release|Any CPU.Build.0 = Release|Any CPU
		{522D61F2-1FC4-4F46-AC63-FFCFCB3B6DAE}.Release|ARM.ActiveCfg = Release|Any CPU
		{522D61F2-1FC4-4F46-AC63-FFCFCB3B6DAE}.Release|ARM.Build.0 = Release|Any CPU
		{522D61F2-1FC4-4F46-AC63-FFCFCB3B6DAE}.Release|iPhone.ActiveCfg = Release|Any CPU
		{522D61F2-1FC4-4F46-AC63-FFCFCB3B6DAE}.Release|iPhone.Build.0 = Release|Any CPU
		{522D61F2-1FC4-4F46-AC63-FFCFCB3B6DAE}.Release|iPhoneSimulator.ActiveCfg = Release|Any CPU
		{522D61F2-1FC4-4F46-AC63-FFCFCB3B6DAE}.Release|iPhoneSimulator.Build.0 = Release|Any CPU
		{522D61F2-1FC4-4F46-AC63-FFCFCB3B6DAE}.Release|x64.ActiveCfg = Release|Any CPU
		{522D61F2-1FC4-4F46-AC63-FFCFCB3B6DAE}.Release|x64.Build.0 = Release|Any CPU
		{522D61F2-1FC4-4F46-AC63-FFCFCB3B6DAE}.Release|x86.ActiveCfg = Release|Any CPU
		{522D61F2-1FC4-4F46-AC63-FFCFCB3B6DAE}.Release|x86.Build.0 = Release|Any CPU
	EndGlobalSection
	GlobalSection(SolutionProperties) = preSolution
		HideSolutionNode = FALSE
	EndGlobalSection
	GlobalSection(NestedProjects) = preSolution
		{4077582F-0B0C-4BF5-B0EB-1C447525FBBA} = {E0ED696A-1C1F-4B70-9EE4-E0FBB5A97DA1}
		{8380FA35-42FE-40E5-8931-075189D582B9} = {E0ED696A-1C1F-4B70-9EE4-E0FBB5A97DA1}
		{A37BC2B7-6F9F-4E2C-A38D-78FF70A69E8C} = {3BD76B94-4FDA-4417-89C0-28A96162B756}
		{AA839F6C-5F7A-4EBA-AAB4-4B43C9924FC6} = {827D80C6-A42D-4940-B86A-D62E5F7B5B89}
		{9764B92E-A4C8-4E36-AD27-5DB1E2A53515} = {6B80279D-A777-412D-BD32-F8090D0818D7}
		{522D61F2-1FC4-4F46-AC63-FFCFCB3B6DAE} = {6B80279D-A777-412D-BD32-F8090D0818D7}
	EndGlobalSection
	GlobalSection(ExtensibilityGlobals) = postSolution
		SolutionGuid = {5EB746DD-ED9D-453B-9268-386BC008960C}
	EndGlobalSection
EndGlobal
